{
  "object": {
    "pins": [
      {
        "package": "AckGen",
        "repositoryURL": "https://github.com/MartinP7r/AckGen.git",
        "state": {
          "branch": null,
          "revision": "02fd7f75c36c4be919de1cfef967e4ee83b0dfa6",
          "version": "0.1.0"
        }
      },
      {
        "package": "AppCenter",
        "repositoryURL": "https://github.com/microsoft/appcenter-sdk-apple.git",
        "state": {
          "branch": null,
          "revision": "b84bc8a39ff04bc8d5ae7b4d230c171c562891aa",
          "version": "4.4.1"
        }
      },
      {
        "package": "CircularProgress",
        "repositoryURL": "https://github.com/JulesForks/CircularProgressSwiftUI.git",
        "state": {
          "branch": "1-1-0",
          "revision": "d8d1e60e1c24b7586178dbaccac80bf44878eda1",
          "version": null
        }
      },
      {
        "package": "PLCrashReporter",
        "repositoryURL": "https://github.com/microsoft/PLCrashReporter.git",
        "state": {
          "branch": null,
          "revision": "6b27393cad517c067dceea85fadf050e70c4ceaa",
          "version": "1.10.1"
        }
      },
      {
        "package": "SimpleToast",
        "repositoryURL": "https://github.com/sanzaru/SimpleToast.git",
        "state": {
          "branch": null,
          "revision": "2ad636d63fdb611f867c8cd7ccbdcea907cdf189",
          "version": "0.5.0"
        }
      },
      {
        "package": "SwiftUIFormValidator",
        "repositoryURL": "https://github.com/ShabanKamell/SwiftUIFormValidator.git",
        "state": {
          "branch": null,
          "revision": "e73fb75cfd698ae7827771c83ee6234d55387d5a",
          "version": "0.13.0"
        }
      },
      {
        "package": "XNavigation",
        "repositoryURL": "https://github.com/DoubleSymmetry/XNavigation.git",
        "state": {
          "branch": null,
          "revision": "921d0a18b9982cb33499229c4bba381076a30ed5",
          "version": "0.1.1"
        }
      }
    ]
  },
  "version": 1
}
