{
  "originHash" : "81216d21d2ef14cd6587f5ef63076dcc5d3456f7a6fc6b22d1ec8a2f673780c0",
  "pins" : [
    {
      "identity" : "ackgen",
      "kind" : "remoteSourceControl",
      "location" : "https://github.com/MartinP7r/AckGen.git",
      "state" : {
        "revision" : "02fd7f75c36c4be919de1cfef967e4ee83b0dfa6",
        "version" : "0.1.0"
      }
    },
    {
      "identity" : "circularprogressswiftui",
      "kind" : "remoteSourceControl",
      "location" : "https://github.com/JulesForks/CircularProgressSwiftUI.git",
      "state" : {
        "branch" : "1-1-0",
        "revision" : "d8d1e60e1c24b7586178dbaccac80bf44878eda1"
      }
    },
    {
      "identity" : "devicekit",
      "kind" : "remoteSourceControl",
      "location" : "https://github.com/devicekit/DeviceKit.git",
      "state" : {
        "revision" : "da57c444cbb7b6159aa871534d4cf2616d1d55c6",
        "version" : "4.5.2"
      }
    },
    {
      "identity" : "simpletoast",
      "kind" : "remoteSourceControl",
      "location" : "https://github.com/sanzaru/SimpleToast.git",
      "state" : {
        "revision" : "2ad636d63fdb611f867c8cd7ccbdcea907cdf189",
        "version" : "0.5.0"
      }
    },
    {
      "identity" : "swiftui-mail-view",
      "kind" : "remoteSourceControl",
      "location" : "https://github.com/globulus/swiftui-mail-view.git",
      "state" : {
        "revision" : "dad1d289cb904d477f2fbabcca5ba82bfcfb2ea6",
        "version" : "1.0.1"
      }
    },
    {
      "identity" : "swiftuiformvalidator",
      "kind" : "remoteSourceControl",
      "location" : "https://github.com/Open-Bytes/SwiftUIFormValidator",
      "state" : {
        "revision" : "f53df07ac1384c2f9ee488bd229821d0ab341174",
        "version" : "0.20.0"
      }
    },
    {
      "identity" : "swiftyjson",
      "kind" : "remoteSourceControl",
      "location" : "https://github.com/SwiftyJSON/SwiftyJSON.git",
      "state" : {
        "revision" : "b3dcd7dbd0d488e1a7077cb33b00f2083e382f07",
        "version" : "5.0.1"
      }
    }
  ],
  "version" : 3
}
