{
  "object": {
    "pins": [
      {
        "package": "AckGen",
        "repositoryURL": "https://github.com/MartinP7r/AckGen.git",
        "state": {
          "branch": null,
          "revision": "02fd7f75c36c4be919de1cfef967e4ee83b0dfa6",
          "version": "0.1.0"
        }
      },
      {
        "package": "CircularProgress",
        "repositoryURL": "https://github.com/JulesForks/CircularProgressSwiftUI.git",
        "state": {
          "branch": "1-1-0",
          "revision": "d8d1e60e1c24b7586178dbaccac80bf44878eda1",
          "version": null
        }
      },
      {
        "package": "ValidatedPropertyKit",
        "repositoryURL": "https://github.com/SvenTiigi/ValidatedPropertyKit.git",
        "state": {
          "branch": null,
          "revision": "1fc8adb98ce016700645ef17161c4583a8200cee",
          "version": "0.0.5"
        }
      },
      {
        "package": "XNavigation",
        "repositoryURL": "https://github.com/DoubleSymmetry/XNavigation.git",
        "state": {
          "branch": null,
          "revision": "921d0a18b9982cb33499229c4bba381076a30ed5",
          "version": "0.1.1"
        }
      }
    ]
  },
  "version": 1
}
