// !$*UTF8*$!
{
	archiveVersion = 1;
	classes = {
	};
	objectVersion = 50;
	objects = {

/* Begin PBXBuildFile section */
		88321422275120D40026D85F /* PainMedsBuddyApp.swift in Sources */ = {isa = PBXBuildFile; fileRef = 88321421275120D40026D85F /* PainMedsBuddyApp.swift */; };
		88321424275120D40026D85F /* ContentView.swift in Sources */ = {isa = PBXBuildFile; fileRef = 88321423275120D40026D85F /* ContentView.swift */; };
		88321426275120D60026D85F /* Assets.xcassets in Resources */ = {isa = PBXBuildFile; fileRef = 88321425275120D60026D85F /* Assets.xcassets */; };
		88321429275120D60026D85F /* Preview Assets.xcassets in Resources */ = {isa = PBXBuildFile; fileRef = 88321428275120D60026D85F /* Preview Assets.xcassets */; };
		88572053275133A700B4B00C /* Main.xcdatamodeld in Sources */ = {isa = PBXBuildFile; fileRef = 88572051275133A700B4B00C /* Main.xcdatamodeld */; };
		88572055275139DD00B4B00C /* DataController.swift in Sources */ = {isa = PBXBuildFile; fileRef = 88572054275139DD00B4B00C /* DataController.swift */; };
		88572059275233A300B4B00C /* CloudKit.framework in Frameworks */ = {isa = PBXBuildFile; fileRef = 88572058275233A300B4B00C /* CloudKit.framework */; };
		8857205B275234C400B4B00C /* HomeView.swift in Sources */ = {isa = PBXBuildFile; fileRef = 8857205A275234C400B4B00C /* HomeView.swift */; };
		8857205D275239D800B4B00C /* DosesView.swift in Sources */ = {isa = PBXBuildFile; fileRef = 8857205C275239D800B4B00C /* DosesView.swift */; };
		88AB7C992754EE620055BD9B /* DoseRowView.swift in Sources */ = {isa = PBXBuildFile; fileRef = 88AB7C982754EE620055BD9B /* DoseRowView.swift */; };
		88AB7C9B2754F4F20055BD9B /* DoseEditView.swift in Sources */ = {isa = PBXBuildFile; fileRef = 88AB7C9A2754F4F20055BD9B /* DoseEditView.swift */; };
		88AB7C9F275646EB0055BD9B /* TwoColumnView.swift in Sources */ = {isa = PBXBuildFile; fileRef = 88AB7C9E275646EB0055BD9B /* TwoColumnView.swift */; };
		88AB7CA127566B3F0055BD9B /* DoseMedSelectView.swift in Sources */ = {isa = PBXBuildFile; fileRef = 88AB7CA027566B3F0055BD9B /* DoseMedSelectView.swift */; };
		88AB7CA5275A5A760055BD9B /* Colors.xcassets in Resources */ = {isa = PBXBuildFile; fileRef = 88AB7CA4275A5A760055BD9B /* Colors.xcassets */; };
		88AB7CA7275D351A0055BD9B /* DoseAddView.swift in Sources */ = {isa = PBXBuildFile; fileRef = 88AB7CA6275D351A0055BD9B /* DoseAddView.swift */; };
		88AB7CA9275E31900055BD9B /* Meds-ArrayHelpers.swift in Sources */ = {isa = PBXBuildFile; fileRef = 88AB7CA8275E31900055BD9B /* Meds-ArrayHelpers.swift */; };
		88AB7CAB275E83910055BD9B /* PopUpButtonView.swift in Sources */ = {isa = PBXBuildFile; fileRef = 88AB7CAA275E83910055BD9B /* PopUpButtonView.swift */; };
		88AB7CAD275E83D60055BD9B /* PopUpView.swift in Sources */ = {isa = PBXBuildFile; fileRef = 88AB7CAC275E83D60055BD9B /* PopUpView.swift */; };
		88AB7CAF275E87340055BD9B /* MedSortView.swift in Sources */ = {isa = PBXBuildFile; fileRef = 88AB7CAE275E87340055BD9B /* MedSortView.swift */; };
		88B6E8332754CDE500790A14 /* Binding-OnChange.swift in Sources */ = {isa = PBXBuildFile; fileRef = 88B6E8322754CDE500790A14 /* Binding-OnChange.swift */; };
		88B6E8352754D84700790A14 /* MedsView.swift in Sources */ = {isa = PBXBuildFile; fileRef = 88B6E8342754D84700790A14 /* MedsView.swift */; };
		88EF203127526746006037CF /* Med-CoreDataHelpers.swift in Sources */ = {isa = PBXBuildFile; fileRef = 88EF203027526746006037CF /* Med-CoreDataHelpers.swift */; };
		88EF2033275268B1006037CF /* Dose-CoreDataHelpers.swift in Sources */ = {isa = PBXBuildFile; fileRef = 88EF2032275268B1006037CF /* Dose-CoreDataHelpers.swift */; };
		88EF20372753B215006037CF /* MedEditView.swift in Sources */ = {isa = PBXBuildFile; fileRef = 88EF20362753B215006037CF /* MedEditView.swift */; };
		88EF20392753BBA0006037CF /* MedRowView.swift in Sources */ = {isa = PBXBuildFile; fileRef = 88EF20382753BBA0006037CF /* MedRowView.swift */; };
/* End PBXBuildFile section */

/* Begin PBXFileReference section */
		88321421275120D40026D85F /* PainMedsBuddyApp.swift */ = {isa = PBXFileReference; lastKnownFileType = sourcecode.swift; path = PainMedsBuddyApp.swift; sourceTree = "<group>"; };
		88321423275120D40026D85F /* ContentView.swift */ = {isa = PBXFileReference; lastKnownFileType = sourcecode.swift; path = ContentView.swift; sourceTree = "<group>"; };
		88321425275120D60026D85F /* Assets.xcassets */ = {isa = PBXFileReference; lastKnownFileType = folder.assetcatalog; path = Assets.xcassets; sourceTree = "<group>"; };
		88321428275120D60026D85F /* Preview Assets.xcassets */ = {isa = PBXFileReference; lastKnownFileType = folder.assetcatalog; path = "Preview Assets.xcassets"; sourceTree = "<group>"; };
		8832142A275120D60026D85F /* Info.plist */ = {isa = PBXFileReference; lastKnownFileType = text.plist.xml; path = Info.plist; sourceTree = "<group>"; };
		88572052275133A700B4B00C /* Main.xcdatamodel */ = {isa = PBXFileReference; lastKnownFileType = wrapper.xcdatamodel; path = Main.xcdatamodel; sourceTree = "<group>"; };
		88572054275139DD00B4B00C /* DataController.swift */ = {isa = PBXFileReference; lastKnownFileType = sourcecode.swift; path = DataController.swift; sourceTree = "<group>"; };
		885720562752313600B4B00C /* PainMedsBuddy.entitlements */ = {isa = PBXFileReference; lastKnownFileType = text.plist.entitlements; path = PainMedsBuddy.entitlements; sourceTree = "<group>"; };
		88572058275233A300B4B00C /* CloudKit.framework */ = {isa = PBXFileReference; lastKnownFileType = wrapper.framework; name = CloudKit.framework; path = System/Library/Frameworks/CloudKit.framework; sourceTree = SDKROOT; };
		8857205A275234C400B4B00C /* HomeView.swift */ = {isa = PBXFileReference; lastKnownFileType = sourcecode.swift; path = HomeView.swift; sourceTree = "<group>"; };
		8857205C275239D800B4B00C /* DosesView.swift */ = {isa = PBXFileReference; lastKnownFileType = sourcecode.swift; path = DosesView.swift; sourceTree = "<group>"; };
		889A8D86275122DA00AB1868 /* PainMedsBuddy.app */ = {isa = PBXFileReference; explicitFileType = wrapper.application; includeInIndex = 0; path = PainMedsBuddy.app; sourceTree = BUILT_PRODUCTS_DIR; };
		88AB7C982754EE620055BD9B /* DoseRowView.swift */ = {isa = PBXFileReference; lastKnownFileType = sourcecode.swift; path = DoseRowView.swift; sourceTree = "<group>"; };
		88AB7C9A2754F4F20055BD9B /* DoseEditView.swift */ = {isa = PBXFileReference; lastKnownFileType = sourcecode.swift; path = DoseEditView.swift; sourceTree = "<group>"; };
		88AB7C9E275646EB0055BD9B /* TwoColumnView.swift */ = {isa = PBXFileReference; lastKnownFileType = sourcecode.swift; path = TwoColumnView.swift; sourceTree = "<group>"; };
		88AB7CA027566B3F0055BD9B /* DoseMedSelectView.swift */ = {isa = PBXFileReference; lastKnownFileType = sourcecode.swift; path = DoseMedSelectView.swift; sourceTree = "<group>"; };
		88AB7CA4275A5A760055BD9B /* Colors.xcassets */ = {isa = PBXFileReference; lastKnownFileType = folder.assetcatalog; path = Colors.xcassets; sourceTree = "<group>"; };
		88AB7CA6275D351A0055BD9B /* DoseAddView.swift */ = {isa = PBXFileReference; lastKnownFileType = sourcecode.swift; path = DoseAddView.swift; sourceTree = "<group>"; };
		88AB7CA8275E31900055BD9B /* Meds-ArrayHelpers.swift */ = {isa = PBXFileReference; lastKnownFileType = sourcecode.swift; path = "Meds-ArrayHelpers.swift"; sourceTree = "<group>"; };
		88AB7CAA275E83910055BD9B /* PopUpButtonView.swift */ = {isa = PBXFileReference; lastKnownFileType = sourcecode.swift; path = PopUpButtonView.swift; sourceTree = "<group>"; };
		88AB7CAC275E83D60055BD9B /* PopUpView.swift */ = {isa = PBXFileReference; lastKnownFileType = sourcecode.swift; path = PopUpView.swift; sourceTree = "<group>"; };
		88AB7CAE275E87340055BD9B /* MedSortView.swift */ = {isa = PBXFileReference; lastKnownFileType = sourcecode.swift; path = MedSortView.swift; sourceTree = "<group>"; };
		88B6E8322754CDE500790A14 /* Binding-OnChange.swift */ = {isa = PBXFileReference; lastKnownFileType = sourcecode.swift; path = "Binding-OnChange.swift"; sourceTree = "<group>"; };
		88B6E8342754D84700790A14 /* MedsView.swift */ = {isa = PBXFileReference; lastKnownFileType = sourcecode.swift; path = MedsView.swift; sourceTree = "<group>"; };
		88EF203027526746006037CF /* Med-CoreDataHelpers.swift */ = {isa = PBXFileReference; lastKnownFileType = sourcecode.swift; path = "Med-CoreDataHelpers.swift"; sourceTree = "<group>"; };
		88EF2032275268B1006037CF /* Dose-CoreDataHelpers.swift */ = {isa = PBXFileReference; lastKnownFileType = sourcecode.swift; path = "Dose-CoreDataHelpers.swift"; sourceTree = "<group>"; };
		88EF20362753B215006037CF /* MedEditView.swift */ = {isa = PBXFileReference; lastKnownFileType = sourcecode.swift; path = MedEditView.swift; sourceTree = "<group>"; };
		88EF20382753BBA0006037CF /* MedRowView.swift */ = {isa = PBXFileReference; lastKnownFileType = sourcecode.swift; path = MedRowView.swift; sourceTree = "<group>"; };
/* End PBXFileReference section */

/* Begin PBXFrameworksBuildPhase section */
		8832141B275120D40026D85F /* Frameworks */ = {
			isa = PBXFrameworksBuildPhase;
			buildActionMask = 2147483647;
			files = (
				88572059275233A300B4B00C /* CloudKit.framework in Frameworks */,
			);
			runOnlyForDeploymentPostprocessing = 0;
		};
/* End PBXFrameworksBuildPhase section */

/* Begin PBXGroup section */
		88321415275120D40026D85F = {
			isa = PBXGroup;
			children = (
				88321420275120D40026D85F /* PainMedsBuddy */,
				889A8D86275122DA00AB1868 /* PainMedsBuddy.app */,
				88572057275233A300B4B00C /* Frameworks */,
			);
			sourceTree = "<group>";
		};
		88321420275120D40026D85F /* PainMedsBuddy */ = {
			isa = PBXGroup;
			children = (
				88321425275120D60026D85F /* Assets.xcassets */,
				88B6E8322754CDE500790A14 /* Binding-OnChange.swift */,
				88AB7CA4275A5A760055BD9B /* Colors.xcassets */,
				88321423275120D40026D85F /* ContentView.swift */,
				88572054275139DD00B4B00C /* DataController.swift */,
				88EF2032275268B1006037CF /* Dose-CoreDataHelpers.swift */,
				88AB7CA6275D351A0055BD9B /* DoseAddView.swift */,
				88AB7C9A2754F4F20055BD9B /* DoseEditView.swift */,
				88AB7CA027566B3F0055BD9B /* DoseMedSelectView.swift */,
				88AB7C982754EE620055BD9B /* DoseRowView.swift */,
				8857205C275239D800B4B00C /* DosesView.swift */,
				8857205A275234C400B4B00C /* HomeView.swift */,
				8832142A275120D60026D85F /* Info.plist */,
				88572051275133A700B4B00C /* Main.xcdatamodeld */,
				88EF203027526746006037CF /* Med-CoreDataHelpers.swift */,
				88EF20362753B215006037CF /* MedEditView.swift */,
				88EF20382753BBA0006037CF /* MedRowView.swift */,
				88AB7CA8275E31900055BD9B /* Meds-ArrayHelpers.swift */,
				88B6E8342754D84700790A14 /* MedsView.swift */,
				885720562752313600B4B00C /* PainMedsBuddy.entitlements */,
				88321421275120D40026D85F /* PainMedsBuddyApp.swift */,
				88AB7CAA275E83910055BD9B /* PopUpButtonView.swift */,
				88AB7CAC275E83D60055BD9B /* PopUpView.swift */,
				88321427275120D60026D85F /* Preview Content */,
				88AB7C9E275646EB0055BD9B /* TwoColumnView.swift */,
				88AB7CAE275E87340055BD9B /* MedSortView.swift */,
			);
			path = PainMedsBuddy;
			sourceTree = "<group>";
		};
		88321427275120D60026D85F /* Preview Content */ = {
			isa = PBXGroup;
			children = (
				88321428275120D60026D85F /* Preview Assets.xcassets */,
			);
			path = "Preview Content";
			sourceTree = "<group>";
		};
		88572057275233A300B4B00C /* Frameworks */ = {
			isa = PBXGroup;
			children = (
				88572058275233A300B4B00C /* CloudKit.framework */,
			);
			name = Frameworks;
			sourceTree = "<group>";
		};
/* End PBXGroup section */

/* Begin PBXNativeTarget section */
		8832141D275120D40026D85F /* PainMedsBuddy */ = {
			isa = PBXNativeTarget;
			buildConfigurationList = 8832142D275120D60026D85F /* Build configuration list for PBXNativeTarget "PainMedsBuddy" */;
			buildPhases = (
				8832141A275120D40026D85F /* Sources */,
				8832141B275120D40026D85F /* Frameworks */,
				8832141C275120D40026D85F /* Resources */,
			);
			buildRules = (
			);
			dependencies = (
			);
			name = PainMedsBuddy;
			productName = PainMedsBuddy;
			productReference = 889A8D86275122DA00AB1868 /* PainMedsBuddy.app */;
			productType = "com.apple.product-type.application";
		};
/* End PBXNativeTarget section */

/* Begin PBXProject section */
		88321416275120D40026D85F /* Project object */ = {
			isa = PBXProject;
			attributes = {
				LastSwiftUpdateCheck = 1250;
				LastUpgradeCheck = 1250;
				TargetAttributes = {
					8832141D275120D40026D85F = {
						CreatedOnToolsVersion = 12.5;
					};
				};
			};
			buildConfigurationList = 88321419275120D40026D85F /* Build configuration list for PBXProject "PainMedsBuddy" */;
			compatibilityVersion = "Xcode 9.3";
			developmentRegion = en;
			hasScannedForEncodings = 0;
			knownRegions = (
				en,
				Base,
			);
			mainGroup = 88321415275120D40026D85F;
			productRefGroup = 88321415275120D40026D85F;
			projectDirPath = "";
			projectRoot = "";
			targets = (
				8832141D275120D40026D85F /* PainMedsBuddy */,
			);
		};
/* End PBXProject section */

/* Begin PBXResourcesBuildPhase section */
		8832141C275120D40026D85F /* Resources */ = {
			isa = PBXResourcesBuildPhase;
			buildActionMask = 2147483647;
			files = (
				88AB7CA5275A5A760055BD9B /* Colors.xcassets in Resources */,
				88321429275120D60026D85F /* Preview Assets.xcassets in Resources */,
				88321426275120D60026D85F /* Assets.xcassets in Resources */,
			);
			runOnlyForDeploymentPostprocessing = 0;
		};
/* End PBXResourcesBuildPhase section */

/* Begin PBXSourcesBuildPhase section */
		8832141A275120D40026D85F /* Sources */ = {
			isa = PBXSourcesBuildPhase;
			buildActionMask = 2147483647;
			files = (
				88AB7CA127566B3F0055BD9B /* DoseMedSelectView.swift in Sources */,
				88AB7CAB275E83910055BD9B /* PopUpButtonView.swift in Sources */,
				88AB7C992754EE620055BD9B /* DoseRowView.swift in Sources */,
				88AB7C9F275646EB0055BD9B /* TwoColumnView.swift in Sources */,
				88EF20392753BBA0006037CF /* MedRowView.swift in Sources */,
				88AB7CAD275E83D60055BD9B /* PopUpView.swift in Sources */,
				88572053275133A700B4B00C /* Main.xcdatamodeld in Sources */,
				8857205D275239D800B4B00C /* DosesView.swift in Sources */,
				88B6E8352754D84700790A14 /* MedsView.swift in Sources */,
				88572055275139DD00B4B00C /* DataController.swift in Sources */,
				88321424275120D40026D85F /* ContentView.swift in Sources */,
				88EF20372753B215006037CF /* MedEditView.swift in Sources */,
				88AB7CAF275E87340055BD9B /* MedSortView.swift in Sources */,
				88B6E8332754CDE500790A14 /* Binding-OnChange.swift in Sources */,
				88EF203127526746006037CF /* Med-CoreDataHelpers.swift in Sources */,
				88AB7CA7275D351A0055BD9B /* DoseAddView.swift in Sources */,
				88AB7C9B2754F4F20055BD9B /* DoseEditView.swift in Sources */,
				88AB7CA9275E31900055BD9B /* Meds-ArrayHelpers.swift in Sources */,
				8857205B275234C400B4B00C /* HomeView.swift in Sources */,
				88321422275120D40026D85F /* PainMedsBuddyApp.swift in Sources */,
				88EF2033275268B1006037CF /* Dose-CoreDataHelpers.swift in Sources */,
			);
			runOnlyForDeploymentPostprocessing = 0;
		};
/* End PBXSourcesBuildPhase section */

/* Begin XCBuildConfiguration section */
		8832142B275120D60026D85F /* Debug */ = {
			isa = XCBuildConfiguration;
			buildSettings = {
				ALWAYS_SEARCH_USER_PATHS = NO;
				CLANG_ANALYZER_NONNULL = YES;
				CLANG_ANALYZER_NUMBER_OBJECT_CONVERSION = YES_AGGRESSIVE;
				CLANG_CXX_LANGUAGE_STANDARD = "gnu++14";
				CLANG_CXX_LIBRARY = "libc++";
				CLANG_ENABLE_MODULES = YES;
				CLANG_ENABLE_OBJC_ARC = YES;
				CLANG_ENABLE_OBJC_WEAK = YES;
				CLANG_WARN_BLOCK_CAPTURE_AUTORELEASING = YES;
				CLANG_WARN_BOOL_CONVERSION = YES;
				CLANG_WARN_COMMA = YES;
				CLANG_WARN_CONSTANT_CONVERSION = YES;
				CLANG_WARN_DEPRECATED_OBJC_IMPLEMENTATIONS = YES;
				CLANG_WARN_DIRECT_OBJC_ISA_USAGE = YES_ERROR;
				CLANG_WARN_DOCUMENTATION_COMMENTS = YES;
				CLANG_WARN_EMPTY_BODY = YES;
				CLANG_WARN_ENUM_CONVERSION = YES;
				CLANG_WARN_INFINITE_RECURSION = YES;
				CLANG_WARN_INT_CONVERSION = YES;
				CLANG_WARN_NON_LITERAL_NULL_CONVERSION = YES;
				CLANG_WARN_OBJC_IMPLICIT_RETAIN_SELF = YES;
				CLANG_WARN_OBJC_LITERAL_CONVERSION = YES;
				CLANG_WARN_OBJC_ROOT_CLASS = YES_ERROR;
				CLANG_WARN_QUOTED_INCLUDE_IN_FRAMEWORK_HEADER = YES;
				CLANG_WARN_RANGE_LOOP_ANALYSIS = YES;
				CLANG_WARN_STRICT_PROTOTYPES = YES;
				CLANG_WARN_SUSPICIOUS_MOVE = YES;
				CLANG_WARN_UNGUARDED_AVAILABILITY = YES_AGGRESSIVE;
				CLANG_WARN_UNREACHABLE_CODE = YES;
				CLANG_WARN__DUPLICATE_METHOD_MATCH = YES;
				COPY_PHASE_STRIP = NO;
				DEBUG_INFORMATION_FORMAT = dwarf;
				ENABLE_STRICT_OBJC_MSGSEND = YES;
				ENABLE_TESTABILITY = YES;
				GCC_C_LANGUAGE_STANDARD = gnu11;
				GCC_DYNAMIC_NO_PIC = NO;
				GCC_NO_COMMON_BLOCKS = YES;
				GCC_OPTIMIZATION_LEVEL = 0;
				GCC_PREPROCESSOR_DEFINITIONS = (
					"DEBUG=1",
					"$(inherited)",
				);
				GCC_WARN_64_TO_32_BIT_CONVERSION = YES;
				GCC_WARN_ABOUT_RETURN_TYPE = YES_ERROR;
				GCC_WARN_UNDECLARED_SELECTOR = YES;
				GCC_WARN_UNINITIALIZED_AUTOS = YES_AGGRESSIVE;
				GCC_WARN_UNUSED_FUNCTION = YES;
				GCC_WARN_UNUSED_VARIABLE = YES;
				IPHONEOS_DEPLOYMENT_TARGET = 14.5;
				MTL_ENABLE_DEBUG_INFO = INCLUDE_SOURCE;
				MTL_FAST_MATH = YES;
				ONLY_ACTIVE_ARCH = YES;
				SDKROOT = iphoneos;
				SWIFT_ACTIVE_COMPILATION_CONDITIONS = DEBUG;
				SWIFT_OPTIMIZATION_LEVEL = "-Onone";
			};
			name = Debug;
		};
		8832142C275120D60026D85F /* Release */ = {
			isa = XCBuildConfiguration;
			buildSettings = {
				ALWAYS_SEARCH_USER_PATHS = NO;
				CLANG_ANALYZER_NONNULL = YES;
				CLANG_ANALYZER_NUMBER_OBJECT_CONVERSION = YES_AGGRESSIVE;
				CLANG_CXX_LANGUAGE_STANDARD = "gnu++14";
				CLANG_CXX_LIBRARY = "libc++";
				CLANG_ENABLE_MODULES = YES;
				CLANG_ENABLE_OBJC_ARC = YES;
				CLANG_ENABLE_OBJC_WEAK = YES;
				CLANG_WARN_BLOCK_CAPTURE_AUTORELEASING = YES;
				CLANG_WARN_BOOL_CONVERSION = YES;
				CLANG_WARN_COMMA = YES;
				CLANG_WARN_CONSTANT_CONVERSION = YES;
				CLANG_WARN_DEPRECATED_OBJC_IMPLEMENTATIONS = YES;
				CLANG_WARN_DIRECT_OBJC_ISA_USAGE = YES_ERROR;
				CLANG_WARN_DOCUMENTATION_COMMENTS = YES;
				CLANG_WARN_EMPTY_BODY = YES;
				CLANG_WARN_ENUM_CONVERSION = YES;
				CLANG_WARN_INFINITE_RECURSION = YES;
				CLANG_WARN_INT_CONVERSION = YES;
				CLANG_WARN_NON_LITERAL_NULL_CONVERSION = YES;
				CLANG_WARN_OBJC_IMPLICIT_RETAIN_SELF = YES;
				CLANG_WARN_OBJC_LITERAL_CONVERSION = YES;
				CLANG_WARN_OBJC_ROOT_CLASS = YES_ERROR;
				CLANG_WARN_QUOTED_INCLUDE_IN_FRAMEWORK_HEADER = YES;
				CLANG_WARN_RANGE_LOOP_ANALYSIS = YES;
				CLANG_WARN_STRICT_PROTOTYPES = YES;
				CLANG_WARN_SUSPICIOUS_MOVE = YES;
				CLANG_WARN_UNGUARDED_AVAILABILITY = YES_AGGRESSIVE;
				CLANG_WARN_UNREACHABLE_CODE = YES;
				CLANG_WARN__DUPLICATE_METHOD_MATCH = YES;
				COPY_PHASE_STRIP = NO;
				DEBUG_INFORMATION_FORMAT = "dwarf-with-dsym";
				ENABLE_NS_ASSERTIONS = NO;
				ENABLE_STRICT_OBJC_MSGSEND = YES;
				GCC_C_LANGUAGE_STANDARD = gnu11;
				GCC_NO_COMMON_BLOCKS = YES;
				GCC_WARN_64_TO_32_BIT_CONVERSION = YES;
				GCC_WARN_ABOUT_RETURN_TYPE = YES_ERROR;
				GCC_WARN_UNDECLARED_SELECTOR = YES;
				GCC_WARN_UNINITIALIZED_AUTOS = YES_AGGRESSIVE;
				GCC_WARN_UNUSED_FUNCTION = YES;
				GCC_WARN_UNUSED_VARIABLE = YES;
				IPHONEOS_DEPLOYMENT_TARGET = 14.5;
				MTL_ENABLE_DEBUG_INFO = NO;
				MTL_FAST_MATH = YES;
				SDKROOT = iphoneos;
				SWIFT_COMPILATION_MODE = wholemodule;
				SWIFT_OPTIMIZATION_LEVEL = "-O";
				VALIDATE_PRODUCT = YES;
			};
			name = Release;
		};
		8832142E275120D60026D85F /* Debug */ = {
			isa = XCBuildConfiguration;
			buildSettings = {
				ASSETCATALOG_COMPILER_APPICON_NAME = AppIcon;
				ASSETCATALOG_COMPILER_GLOBAL_ACCENT_COLOR_NAME = AccentColor;
				CODE_SIGN_ENTITLEMENTS = PainMedsBuddy/PainMedsBuddy.entitlements;
				CODE_SIGN_IDENTITY = "Apple Development";
				CODE_SIGN_STYLE = Automatic;
				DEVELOPMENT_ASSET_PATHS = "\"PainMedsBuddy/Preview Content\"";
				DEVELOPMENT_TEAM = LW3B6G4NK9;
				ENABLE_PREVIEWS = YES;
				INFOPLIST_FILE = PainMedsBuddy/Info.plist;
				IPHONEOS_DEPLOYMENT_TARGET = 14.0;
				LD_RUNPATH_SEARCH_PATHS = (
					"$(inherited)",
					"@executable_path/Frameworks",
				);
				PRODUCT_BUNDLE_IDENTIFIER = com.mclapps.PainMedsBuddy;
				PRODUCT_NAME = "$(TARGET_NAME)";
				PROVISIONING_PROFILE_SPECIFIER = "";
				SWIFT_VERSION = 5.0;
				TARGETED_DEVICE_FAMILY = "1,2";
			};
			name = Debug;
		};
		8832142F275120D60026D85F /* Release */ = {
			isa = XCBuildConfiguration;
			buildSettings = {
				ASSETCATALOG_COMPILER_APPICON_NAME = AppIcon;
				ASSETCATALOG_COMPILER_GLOBAL_ACCENT_COLOR_NAME = AccentColor;
				CODE_SIGN_ENTITLEMENTS = PainMedsBuddy/PainMedsBuddy.entitlements;
				CODE_SIGN_IDENTITY = "Apple Development";
				CODE_SIGN_STYLE = Automatic;
				DEVELOPMENT_ASSET_PATHS = "\"PainMedsBuddy/Preview Content\"";
				DEVELOPMENT_TEAM = LW3B6G4NK9;
				ENABLE_PREVIEWS = YES;
				INFOPLIST_FILE = PainMedsBuddy/Info.plist;
				IPHONEOS_DEPLOYMENT_TARGET = 14.0;
				LD_RUNPATH_SEARCH_PATHS = (
					"$(inherited)",
					"@executable_path/Frameworks",
				);
				PRODUCT_BUNDLE_IDENTIFIER = com.mclapps.PainMedsBuddy;
				PRODUCT_NAME = "$(TARGET_NAME)";
				PROVISIONING_PROFILE_SPECIFIER = "";
				SWIFT_VERSION = 5.0;
				TARGETED_DEVICE_FAMILY = "1,2";
			};
			name = Release;
		};
/* End XCBuildConfiguration section */

/* Begin XCConfigurationList section */
		88321419275120D40026D85F /* Build configuration list for PBXProject "PainMedsBuddy" */ = {
			isa = XCConfigurationList;
			buildConfigurations = (
				8832142B275120D60026D85F /* Debug */,
				8832142C275120D60026D85F /* Release */,
			);
			defaultConfigurationIsVisible = 0;
			defaultConfigurationName = Release;
		};
		8832142D275120D60026D85F /* Build configuration list for PBXNativeTarget "PainMedsBuddy" */ = {
			isa = XCConfigurationList;
			buildConfigurations = (
				8832142E275120D60026D85F /* Debug */,
				8832142F275120D60026D85F /* Release */,
			);
			defaultConfigurationIsVisible = 0;
			defaultConfigurationName = Release;
		};
/* End XCConfigurationList section */

/* Begin XCVersionGroup section */
		88572051275133A700B4B00C /* Main.xcdatamodeld */ = {
			isa = XCVersionGroup;
			children = (
				88572052275133A700B4B00C /* Main.xcdatamodel */,
			);
			currentVersion = 88572052275133A700B4B00C /* Main.xcdatamodel */;
			path = Main.xcdatamodeld;
			sourceTree = "<group>";
			versionGroupType = wrapper.xcdatamodel;
		};
/* End XCVersionGroup section */
	};
	rootObject = 88321416275120D40026D85F /* Project object */;
}
