// !$*UTF8*$!
{
	archiveVersion = 1;
	classes = {
	};
	objectVersion = 54;
	objects = {

/* Begin PBXBuildFile section */
		880183F327C79B59006A8415 /* SwiftyJSON in Frameworks */ = {isa = PBXBuildFile; productRef = 880183F227C79B59006A8415 /* SwiftyJSON */; };
		880183F727C7D8B0006A8415 /* DataFile.swift in Sources */ = {isa = PBXBuildFile; fileRef = 880183F627C7D8B0006A8415 /* DataFile.swift */; };
		8806475C27CAE10800454C0C /* Date+Extensions.swift in Sources */ = {isa = PBXBuildFile; fileRef = 8806475B27CAE10800454C0C /* Date+Extensions.swift */; };
		8806A4DB2CB001A7007F1656 /* FormValidator in Frameworks */ = {isa = PBXBuildFile; productRef = 8806A4DA2CB001A7007F1656 /* FormValidator */; };
		8809FBD3278309A40058BD6E /* Elements.swift in Sources */ = {isa = PBXBuildFile; fileRef = 8809FBD2278309A40058BD6E /* Elements.swift */; };
		8809FBD5278384A70058BD6E /* BasicAction.swift in Sources */ = {isa = PBXBuildFile; fileRef = 8809FBD4278384A70058BD6E /* BasicAction.swift */; };
		880A187F278D7FFE00FA0C7D /* LocalisedStringTests.swift in Sources */ = {isa = PBXBuildFile; fileRef = 880A187E278D7FFE00FA0C7D /* LocalisedStringTests.swift */; };
		880A1881278D82DD00FA0C7D /* InterpolatedStrings.swift in Sources */ = {isa = PBXBuildFile; fileRef = 880A1880278D82DD00FA0C7D /* InterpolatedStrings.swift */; };
		880A1883278E351300FA0C7D /* TextFieldSelectAll-ViewModifier.swift in Sources */ = {isa = PBXBuildFile; fileRef = 880A1882278E351300FA0C7D /* TextFieldSelectAll-ViewModifier.swift */; };
		880EBBCB27AD22DA00F3F629 /* DataController+ImportExport.swift in Sources */ = {isa = PBXBuildFile; fileRef = 880EBBCA27AD22DA00F3F629 /* DataController+ImportExport.swift */; };
		88166CEF27C90792004B2D53 /* Double+Extensions.swift in Sources */ = {isa = PBXBuildFile; fileRef = 88166CEE27C90792004B2D53 /* Double+Extensions.swift */; };
		88166CF327CA47EF004B2D53 /* SpecificDataHomeRecent.swift in Sources */ = {isa = PBXBuildFile; fileRef = 88166CF227CA47EF004B2D53 /* SpecificDataHomeRecent.swift */; };
		88166CF527CA6330004B2D53 /* SpecificDataHomeMedsLow.swift in Sources */ = {isa = PBXBuildFile; fileRef = 88166CF427CA6330004B2D53 /* SpecificDataHomeMedsLow.swift */; };
		88166CF727CA66F2004B2D53 /* SpecificDataHomeCurrent.swift in Sources */ = {isa = PBXBuildFile; fileRef = 88166CF627CA66F2004B2D53 /* SpecificDataHomeCurrent.swift */; };
		88166CF927CA835E004B2D53 /* SpecificDataHomeAvailable.swift in Sources */ = {isa = PBXBuildFile; fileRef = 88166CF827CA835E004B2D53 /* SpecificDataHomeAvailable.swift */; };
		88166CFB27CAA2AD004B2D53 /* SpecificDataHomeCurrentElapsed.swift in Sources */ = {isa = PBXBuildFile; fileRef = 88166CFA27CAA2AD004B2D53 /* SpecificDataHomeCurrentElapsed.swift */; };
		88166CFF27CAA925004B2D53 /* SpecificDataHomeRecentHiddenMed.swift in Sources */ = {isa = PBXBuildFile; fileRef = 88166CFE27CAA925004B2D53 /* SpecificDataHomeRecentHiddenMed.swift */; };
		88166D0127CAABFD004B2D53 /* SpecificDataSelectMed.swift in Sources */ = {isa = PBXBuildFile; fileRef = 88166D0027CAABFD004B2D53 /* SpecificDataSelectMed.swift */; };
		88166D0327CAB377004B2D53 /* SpecificDataMedListSort.swift in Sources */ = {isa = PBXBuildFile; fileRef = 88166D0227CAB377004B2D53 /* SpecificDataMedListSort.swift */; };
		881BA3922764047900DA06D7 /* HomeMedRow.swift in Sources */ = {isa = PBXBuildFile; fileRef = 881BA3912764047900DA06D7 /* HomeMedRow.swift */; };
		881BA39427649C0F00DA06D7 /* MedDefault.swift in Sources */ = {isa = PBXBuildFile; fileRef = 881BA39327649C0F00DA06D7 /* MedDefault.swift */; };
		881BA39627649FFB00DA06D7 /* DoseDefault.swift in Sources */ = {isa = PBXBuildFile; fileRef = 881BA39527649FFB00DA06D7 /* DoseDefault.swift */; };
		881BA3982764AB9A00DA06D7 /* Date+Extensions.swift in Sources */ = {isa = PBXBuildFile; fileRef = 881BA3972764AB9A00DA06D7 /* Date+Extensions.swift */; };
		881BA39A2764B8B600DA06D7 /* Panel-ViewModifier.swift in Sources */ = {isa = PBXBuildFile; fileRef = 881BA3992764B8B600DA06D7 /* Panel-ViewModifier.swift */; };
		8823D9B727C4112A00717518 /* ModalHackView.swift in Sources */ = {isa = PBXBuildFile; fileRef = 8823D9B627C4112A00717518 /* ModalHackView.swift */; };
		8823D9B927C4117E00717518 /* UIViewController+Extensions.swift in Sources */ = {isa = PBXBuildFile; fileRef = 8823D9B827C4117E00717518 /* UIViewController+Extensions.swift */; };
		882A8ACA27AD8EFD00137897 /* JsonFileDocument.swift in Sources */ = {isa = PBXBuildFile; fileRef = 882A8AC927AD8EFD00137897 /* JsonFileDocument.swift */; };
		882A8ACE27AEF82700137897 /* ToastModel.swift in Sources */ = {isa = PBXBuildFile; fileRef = 882A8ACD27AEF82700137897 /* ToastModel.swift */; };
		882A8AD027AFFCD800137897 /* RequestReview.swift in Sources */ = {isa = PBXBuildFile; fileRef = 882A8ACF27AFFCD800137897 /* RequestReview.swift */; };
		8831122727BE83CD00B7D8A4 /* DeviceRotation-ViewModifier.swift in Sources */ = {isa = PBXBuildFile; fileRef = 8831122627BE83CD00B7D8A4 /* DeviceRotation-ViewModifier.swift */; };
		88321422275120D40026D85F /* PainMedsBuddyApp.swift in Sources */ = {isa = PBXBuildFile; fileRef = 88321421275120D40026D85F /* PainMedsBuddyApp.swift */; };
		88321424275120D40026D85F /* ContentView.swift in Sources */ = {isa = PBXBuildFile; fileRef = 88321423275120D40026D85F /* ContentView.swift */; };
		88321426275120D60026D85F /* Assets.xcassets in Resources */ = {isa = PBXBuildFile; fileRef = 88321425275120D60026D85F /* Assets.xcassets */; };
		88321429275120D60026D85F /* Preview Assets.xcassets in Resources */ = {isa = PBXBuildFile; fileRef = 88321428275120D60026D85F /* Preview Assets.xcassets */; };
		88340C2E27C8092F00277E1D /* 5dose-5med.json in Resources */ = {isa = PBXBuildFile; fileRef = 88340C2D27C8092F00277E1D /* 5dose-5med.json */; };
		8840F373276B2F4200821046 /* Med-Protocol.swift in Sources */ = {isa = PBXBuildFile; fileRef = 8840F372276B2F4200821046 /* Med-Protocol.swift */; };
		8848D4662778A01500F10DC9 /* View+Extensions.swift in Sources */ = {isa = PBXBuildFile; fileRef = 8848D4652778A01500F10DC9 /* View+Extensions.swift */; };
		8848D4682778A02400F10DC9 /* Picker+Extensions.swift in Sources */ = {isa = PBXBuildFile; fileRef = 8848D4672778A02400F10DC9 /* Picker+Extensions.swift */; };
		8848D46A2778A03400F10DC9 /* DatePicker+Extensions.swift in Sources */ = {isa = PBXBuildFile; fileRef = 8848D4692778A03400F10DC9 /* DatePicker+Extensions.swift */; };
		8848D46C2778A04500F10DC9 /* Button+Extensions.swift in Sources */ = {isa = PBXBuildFile; fileRef = 8848D46B2778A04500F10DC9 /* Button+Extensions.swift */; };
		8848D46E2778A05100F10DC9 /* Label+Extensions.swift in Sources */ = {isa = PBXBuildFile; fileRef = 8848D46D2778A05100F10DC9 /* Label+Extensions.swift */; };
		8848D4702778A06400F10DC9 /* Text+Extensions.swift in Sources */ = {isa = PBXBuildFile; fileRef = 8848D46F2778A06400F10DC9 /* Text+Extensions.swift */; };
		8848D4722778A09D00F10DC9 /* LocalizedStringKey+Extensions.swift in Sources */ = {isa = PBXBuildFile; fileRef = 8848D4712778A09D00F10DC9 /* LocalizedStringKey+Extensions.swift */; };
		8848D47D2778E13000F10DC9 /* PainMedsBuddyTests.swift in Sources */ = {isa = PBXBuildFile; fileRef = 8848D47C2778E13000F10DC9 /* PainMedsBuddyTests.swift */; };
		8848D4872778EC3000F10DC9 /* AssetTest.swift in Sources */ = {isa = PBXBuildFile; fileRef = 8848D4862778EC3000F10DC9 /* AssetTest.swift */; };
		8848D489277913D500F10DC9 /* DoseTests.swift in Sources */ = {isa = PBXBuildFile; fileRef = 8848D488277913D500F10DC9 /* DoseTests.swift */; };
		8852BF432785B9C5000750FB /* DosesViewModel.swift in Sources */ = {isa = PBXBuildFile; fileRef = 8852BF422785B9C5000750FB /* DosesViewModel.swift */; };
		8852BF452785D648000750FB /* HomeViewModel.swift in Sources */ = {isa = PBXBuildFile; fileRef = 8852BF442785D648000750FB /* HomeViewModel.swift */; };
		8852BF472786063D000750FB /* MedsViewModel.swift in Sources */ = {isa = PBXBuildFile; fileRef = 8852BF462786063D000750FB /* MedsViewModel.swift */; };
		8852BF4927861B27000750FB /* DoseMedSelectViewModel.swift in Sources */ = {isa = PBXBuildFile; fileRef = 8852BF4827861B27000750FB /* DoseMedSelectViewModel.swift */; };
		8852BF4B27862A64000750FB /* DoseEditViewModel.swift in Sources */ = {isa = PBXBuildFile; fileRef = 8852BF4A27862A64000750FB /* DoseEditViewModel.swift */; };
		88572053275133A700B4B00C /* Main.xcdatamodeld in Sources */ = {isa = PBXBuildFile; fileRef = 88572051275133A700B4B00C /* Main.xcdatamodeld */; };
		88572055275139DD00B4B00C /* DataController.swift in Sources */ = {isa = PBXBuildFile; fileRef = 88572054275139DD00B4B00C /* DataController.swift */; };
		88572059275233A300B4B00C /* CloudKit.framework in Frameworks */ = {isa = PBXBuildFile; fileRef = 88572058275233A300B4B00C /* CloudKit.framework */; };
		8857205B275234C400B4B00C /* HomeView.swift in Sources */ = {isa = PBXBuildFile; fileRef = 8857205A275234C400B4B00C /* HomeView.swift */; };
		8857205D275239D800B4B00C /* DosesView.swift in Sources */ = {isa = PBXBuildFile; fileRef = 8857205C275239D800B4B00C /* DosesView.swift */; };
		886C30BC2763912C002A45B1 /* String+Extensions.swift in Sources */ = {isa = PBXBuildFile; fileRef = 886C30BB2763912C002A45B1 /* String+Extensions.swift */; };
		886C30BE2763913B002A45B1 /* Int+Extensions.swift in Sources */ = {isa = PBXBuildFile; fileRef = 886C30BD2763913B002A45B1 /* Int+Extensions.swift */; };
		887AEC8727A414FB0038245F /* SwiftUIMailView in Frameworks */ = {isa = PBXBuildFile; productRef = 887AEC8627A414FB0038245F /* SwiftUIMailView */; };
		8883BD87276951F700EF6DCD /* Localizable.strings in Resources */ = {isa = PBXBuildFile; fileRef = 8883BD86276951F700EF6DCD /* Localizable.strings */; };
		8883E39C2779A2A000B9304B /* SymbolTests.swift in Sources */ = {isa = PBXBuildFile; fileRef = 8883E39B2779A2A000B9304B /* SymbolTests.swift */; };
		8883E39E2779FA8800B9304B /* DevelopmentTests.swift in Sources */ = {isa = PBXBuildFile; fileRef = 8883E39D2779FA8800B9304B /* DevelopmentTests.swift */; };
		8883E3A2277B474800B9304B /* ExtensionTests.swift in Sources */ = {isa = PBXBuildFile; fileRef = 8883E3A1277B474800B9304B /* ExtensionTests.swift */; };
		888FC807278B895A006A3E47 /* NoDataTests.swift in Sources */ = {isa = PBXBuildFile; fileRef = 888FC806278B895A006A3E47 /* NoDataTests.swift */; };
		8890941727BADD950070C536 /* TitleView.swift in Sources */ = {isa = PBXBuildFile; fileRef = 8890941627BADD950070C536 /* TitleView.swift */; };
		8890941927BADDBE0070C536 /* TabbedSplitView.swift in Sources */ = {isa = PBXBuildFile; fileRef = 8890941827BADDBE0070C536 /* TabbedSplitView.swift */; };
		8890941B27BADDED0070C536 /* SplitView.swift in Sources */ = {isa = PBXBuildFile; fileRef = 8890941A27BADDED0070C536 /* SplitView.swift */; };
		8890941D27BADE1E0070C536 /* SplitViewController.swift in Sources */ = {isa = PBXBuildFile; fileRef = 8890941C27BADE1E0070C536 /* SplitViewController.swift */; };
		8890941F27BADE740070C536 /* EnvironmentValues+Extension.swift in Sources */ = {isa = PBXBuildFile; fileRef = 8890941E27BADE740070C536 /* EnvironmentValues+Extension.swift */; };
		889A4CF62775E1B900E3B53B /* VStackFormView.swift in Sources */ = {isa = PBXBuildFile; fileRef = 889A4CF52775E1B900E3B53B /* VStackFormView.swift */; };
		889A4D0227764BC500E3B53B /* ChevronView.swift in Sources */ = {isa = PBXBuildFile; fileRef = 889A4D0127764BC500E3B53B /* ChevronView.swift */; };
		889C42C5277E0ABB003B6ED2 /* SFSymbol.swift in Sources */ = {isa = PBXBuildFile; fileRef = 889C42C4277E0ABB003B6ED2 /* SFSymbol.swift */; };
		889C42D1277F9466003B6ED2 /* Helpers.swift in Sources */ = {isa = PBXBuildFile; fileRef = 889C42D0277F9466003B6ED2 /* Helpers.swift */; };
		889C42D72781AD26003B6ED2 /* NavigationBarAccessor.swift in Sources */ = {isa = PBXBuildFile; fileRef = 889C42D62781AD26003B6ED2 /* NavigationBarAccessor.swift */; };
		889C42D92781AE9A003B6ED2 /* NavigationBarIdentifier-ViewModifier.swift in Sources */ = {isa = PBXBuildFile; fileRef = 889C42D82781AE9A003B6ED2 /* NavigationBarIdentifier-ViewModifier.swift */; };
		889C42DA2781EBA2003B6ED2 /* Strings.swift in Sources */ = {isa = PBXBuildFile; fileRef = 88F2E98D27708AF700081C9C /* Strings.swift */; };
		889C42DB2781EBAE003B6ED2 /* LocalizedStringKey+Extensions.swift in Sources */ = {isa = PBXBuildFile; fileRef = 8848D4712778A09D00F10DC9 /* LocalizedStringKey+Extensions.swift */; };
		88AB7C992754EE620055BD9B /* DoseRowView.swift in Sources */ = {isa = PBXBuildFile; fileRef = 88AB7C982754EE620055BD9B /* DoseRowView.swift */; };
		88AB7C9B2754F4F20055BD9B /* DoseEditView.swift in Sources */ = {isa = PBXBuildFile; fileRef = 88AB7C9A2754F4F20055BD9B /* DoseEditView.swift */; };
		88AB7C9F275646EB0055BD9B /* TwoColumnView.swift in Sources */ = {isa = PBXBuildFile; fileRef = 88AB7C9E275646EB0055BD9B /* TwoColumnView.swift */; };
		88AB7CA127566B3F0055BD9B /* DoseMedSelectView.swift in Sources */ = {isa = PBXBuildFile; fileRef = 88AB7CA027566B3F0055BD9B /* DoseMedSelectView.swift */; };
		88AB7CA5275A5A760055BD9B /* Colors.xcassets in Resources */ = {isa = PBXBuildFile; fileRef = 88AB7CA4275A5A760055BD9B /* Colors.xcassets */; };
		88AB7CA7275D351A0055BD9B /* DoseAddView.swift in Sources */ = {isa = PBXBuildFile; fileRef = 88AB7CA6275D351A0055BD9B /* DoseAddView.swift */; };
		88AB7CA9275E31900055BD9B /* Meds-ArrayHelpers.swift in Sources */ = {isa = PBXBuildFile; fileRef = 88AB7CA8275E31900055BD9B /* Meds-ArrayHelpers.swift */; };
		88AB7CAB275E83910055BD9B /* ButtonBorderView.swift in Sources */ = {isa = PBXBuildFile; fileRef = 88AB7CAA275E83910055BD9B /* ButtonBorderView.swift */; };
		88AB7CAD275E83D60055BD9B /* PopUpView.swift in Sources */ = {isa = PBXBuildFile; fileRef = 88AB7CAC275E83D60055BD9B /* PopUpView.swift */; };
		88AB7CAF275E87340055BD9B /* MedSortPopupView.swift in Sources */ = {isa = PBXBuildFile; fileRef = 88AB7CAE275E87340055BD9B /* MedSortPopupView.swift */; };
		88AB7CB3275F68260055BD9B /* Sequence-Sorting.swift in Sources */ = {isa = PBXBuildFile; fileRef = 88AB7CB2275F68260055BD9B /* Sequence-Sorting.swift */; };
		88AB7CB5275F720A0055BD9B /* PlaceholderView.swift in Sources */ = {isa = PBXBuildFile; fileRef = 88AB7CB4275F720A0055BD9B /* PlaceholderView.swift */; };
		88AB7CB7275F7BE60055BD9B /* MedAddView.swift in Sources */ = {isa = PBXBuildFile; fileRef = 88AB7CB6275F7BE60055BD9B /* MedAddView.swift */; };
		88AB7CB9275FAA950055BD9B /* Bundle-Decodable.swift in Sources */ = {isa = PBXBuildFile; fileRef = 88AB7CB8275FAA940055BD9B /* Bundle-Decodable.swift */; };
		88AB7CBD275FB17F0055BD9B /* Symbols.json in Resources */ = {isa = PBXBuildFile; fileRef = 88AB7CBC275FB17F0055BD9B /* Symbols.json */; };
		88AB7CBF275FB2360055BD9B /* SymbolModel.swift in Sources */ = {isa = PBXBuildFile; fileRef = 88AB7CBE275FB2360055BD9B /* SymbolModel.swift */; };
		88AB7CC1275FB3150055BD9B /* SymbolsView.swift in Sources */ = {isa = PBXBuildFile; fileRef = 88AB7CC0275FB3150055BD9B /* SymbolsView.swift */; };
		88B53E83279026E600DD74FC /* InfoPopupView.swift in Sources */ = {isa = PBXBuildFile; fileRef = 88B53E82279026E600DD74FC /* InfoPopupView.swift */; };
		88B53E882791704F00DD74FC /* MedEditViewModel.swift in Sources */ = {isa = PBXBuildFile; fileRef = 88B53E872791704F00DD74FC /* MedEditViewModel.swift */; };
		88B53E922793079900DD74FC /* DurationPopupView.swift in Sources */ = {isa = PBXBuildFile; fileRef = 88B53E912793079900DD74FC /* DurationPopupView.swift */; };
		88B53E9527930CAF00DD74FC /* DurationPicker.swift in Sources */ = {isa = PBXBuildFile; fileRef = 88B53E9427930CAF00DD74FC /* DurationPicker.swift */; };
		88B53E9D279429C300DD74FC /* DismissKeyboardOnTap-ViewModifier.swift in Sources */ = {isa = PBXBuildFile; fileRef = 88B53E9C279429C300DD74FC /* DismissKeyboardOnTap-ViewModifier.swift */; };
		88B53E9F2794AFA800DD74FC /* UIApplication+Extensions.swift in Sources */ = {isa = PBXBuildFile; fileRef = 88B53E9E2794AFA800DD74FC /* UIApplication+Extensions.swift */; };
		88B53EA12795931A00DD74FC /* BasicOneMedTests.swift in Sources */ = {isa = PBXBuildFile; fileRef = 88B53EA02795931A00DD74FC /* BasicOneMedTests.swift */; };
		88B6E8332754CDE500790A14 /* Binding-OnChange.swift in Sources */ = {isa = PBXBuildFile; fileRef = 88B6E8322754CDE500790A14 /* Binding-OnChange.swift */; };
		88B6E8352754D84700790A14 /* MedsView.swift in Sources */ = {isa = PBXBuildFile; fileRef = 88B6E8342754D84700790A14 /* MedsView.swift */; };
		88C611BB27A538A1006AAE38 /* DeviceKit in Frameworks */ = {isa = PBXBuildFile; productRef = 88C611BA27A538A1006AAE38 /* DeviceKit */; };
		88C611BD27A54146006AAE38 /* Bundle+Extensions.swift in Sources */ = {isa = PBXBuildFile; fileRef = 88C611BC27A54146006AAE38 /* Bundle+Extensions.swift */; };
		88C611BF27A576BD006AAE38 /* SettingsSupportView.swift in Sources */ = {isa = PBXBuildFile; fileRef = 88C611BE27A576BD006AAE38 /* SettingsSupportView.swift */; };
		88C74D04277B64DC002B2EC6 /* DecodableDictionary.json in Resources */ = {isa = PBXBuildFile; fileRef = 88C74D03277B64DC002B2EC6 /* DecodableDictionary.json */; };
		88C74D06277B6525002B2EC6 /* DecodableString.json in Resources */ = {isa = PBXBuildFile; fileRef = 88C74D05277B6525002B2EC6 /* DecodableString.json */; };
		88C74D08277B8531002B2EC6 /* PerformanceTests.swift in Sources */ = {isa = PBXBuildFile; fileRef = 88C74D07277B8531002B2EC6 /* PerformanceTests.swift */; };
		88C74D10277BAC88002B2EC6 /* BasicDataTests.swift in Sources */ = {isa = PBXBuildFile; fileRef = 88C74D0F277BAC88002B2EC6 /* BasicDataTests.swift */; };
		88CE3B3227A9AF22009FB237 /* DataController+Static.swift in Sources */ = {isa = PBXBuildFile; fileRef = 88CE3B3127A9AF22009FB237 /* DataController+Static.swift */; };
		88CE3B3427A9AF63009FB237 /* DataController+SampleData.swift in Sources */ = {isa = PBXBuildFile; fileRef = 88CE3B3327A9AF63009FB237 /* DataController+SampleData.swift */; };
		88CE3B3627A9B00D009FB237 /* DataController+Notifications.swift in Sources */ = {isa = PBXBuildFile; fileRef = 88CE3B3527A9B00D009FB237 /* DataController+Notifications.swift */; };
		88CE3B3827A9B233009FB237 /* DataController+Queries.swift in Sources */ = {isa = PBXBuildFile; fileRef = 88CE3B3727A9B233009FB237 /* DataController+Queries.swift */; };
		88DA65BD27BECCD400EC1F28 /* BasicTabSideBarTests.swift in Sources */ = {isa = PBXBuildFile; fileRef = 88DA65BC27BECCD400EC1F28 /* BasicTabSideBarTests.swift */; };
		88DFEA2A2786F93700E3BAFB /* SnapshotHelper.swift in Sources */ = {isa = PBXBuildFile; fileRef = 88DFEA292786F93700E3BAFB /* SnapshotHelper.swift */; };
		88DFEA2D2786F98100E3BAFB /* SnapshotUITests.swift in Sources */ = {isa = PBXBuildFile; fileRef = 88DFEA2C2786F98100E3BAFB /* SnapshotUITests.swift */; };
		88E705DB27872E73003EB471 /* CircularProgress in Frameworks */ = {isa = PBXBuildFile; productRef = 88E705DA27872E73003EB471 /* CircularProgress */; };
		88E93091275FCED000A98708 /* MedSymbolView.swift in Sources */ = {isa = PBXBuildFile; fileRef = 88E93090275FCED000A98708 /* MedSymbolView.swift */; };
		88E93093275FD7CC00A98708 /* Color-Additions.swift in Sources */ = {isa = PBXBuildFile; fileRef = 88E93092275FD7CC00A98708 /* Color-Additions.swift */; };
		88E9309C2760A4B900A98708 /* AckGen in Frameworks */ = {isa = PBXBuildFile; productRef = 88E9309B2760A4B900A98708 /* AckGen */; };
		88E9309E2760A4B900A98708 /* AckGenUI in Frameworks */ = {isa = PBXBuildFile; productRef = 88E9309D2760A4B900A98708 /* AckGenUI */; };
		88E930A22760A63E00A98708 /* SettingsView.swift in Sources */ = {isa = PBXBuildFile; fileRef = 88E930A12760A63E00A98708 /* SettingsView.swift */; };
		88E930AA2760C6E500A98708 /* Acknowledgements.plist in Resources */ = {isa = PBXBuildFile; fileRef = 88E930A92760C6E500A98708 /* Acknowledgements.plist */; };
		88E930AC2760D8F800A98708 /* HomeDoseProgressView.swift in Sources */ = {isa = PBXBuildFile; fileRef = 88E930AB2760D8F800A98708 /* HomeDoseProgressView.swift */; };
		88EE265A279AF2BF001C2C55 /* TimeEditPickerView.swift in Sources */ = {isa = PBXBuildFile; fileRef = 88EE2659279AF2BF001C2C55 /* TimeEditPickerView.swift */; };
		88EE265C279B1A66001C2C55 /* TimePickerView.swift in Sources */ = {isa = PBXBuildFile; fileRef = 88EE265B279B1A66001C2C55 /* TimePickerView.swift */; };
		88EE265E279B1D8C001C2C55 /* HourMinutePickerView.swift in Sources */ = {isa = PBXBuildFile; fileRef = 88EE265D279B1D8C001C2C55 /* HourMinutePickerView.swift */; };
		88EE266127A154D4001C2C55 /* HomeHeadingView.swift in Sources */ = {isa = PBXBuildFile; fileRef = 88EE266027A154D4001C2C55 /* HomeHeadingView.swift */; };
		88EE266327A1890F001C2C55 /* DisabledBarView.swift in Sources */ = {isa = PBXBuildFile; fileRef = 88EE266227A1890E001C2C55 /* DisabledBarView.swift */; };
		88EE266527A18A7F001C2C55 /* EmptyRowView.swift in Sources */ = {isa = PBXBuildFile; fileRef = 88EE266427A18A7F001C2C55 /* EmptyRowView.swift */; };
		88EE266727A1ACC8001C2C55 /* SettingsDeveloperView.swift in Sources */ = {isa = PBXBuildFile; fileRef = 88EE266627A1ACC8001C2C55 /* SettingsDeveloperView.swift */; };
		88EE266927A1D44F001C2C55 /* SettingsAdvancedView.swift in Sources */ = {isa = PBXBuildFile; fileRef = 88EE266827A1D44F001C2C55 /* SettingsAdvancedView.swift */; };
		88EF203127526746006037CF /* Med-CoreDataHelpers.swift in Sources */ = {isa = PBXBuildFile; fileRef = 88EF203027526746006037CF /* Med-CoreDataHelpers.swift */; };
		88EF2033275268B1006037CF /* Dose-CoreDataHelpers.swift in Sources */ = {isa = PBXBuildFile; fileRef = 88EF2032275268B1006037CF /* Dose-CoreDataHelpers.swift */; };
		88EF20372753B215006037CF /* MedEditView.swift in Sources */ = {isa = PBXBuildFile; fileRef = 88EF20362753B215006037CF /* MedEditView.swift */; };
		88EF20392753BBA0006037CF /* MedRowView.swift in Sources */ = {isa = PBXBuildFile; fileRef = 88EF20382753BBA0006037CF /* MedRowView.swift */; };
		88F2E989276FD74500081C9C /* HomeRecentMedsView.swift in Sources */ = {isa = PBXBuildFile; fileRef = 88F2E988276FD74500081C9C /* HomeRecentMedsView.swift */; };
		88F2E98B276FDBC600081C9C /* HomeLowMedsView.swift in Sources */ = {isa = PBXBuildFile; fileRef = 88F2E98A276FDBC600081C9C /* HomeLowMedsView.swift */; };
		88F2E98E27708AF700081C9C /* Strings.swift in Sources */ = {isa = PBXBuildFile; fileRef = 88F2E98D27708AF700081C9C /* Strings.swift */; };
		88F493B22796104500E3D4C2 /* SimpleToast in Frameworks */ = {isa = PBXBuildFile; productRef = 88F493B12796104500E3D4C2 /* SimpleToast */; };
		88F493B42796B70200E3D4C2 /* PresentableToastModel.swift in Sources */ = {isa = PBXBuildFile; fileRef = 88F493B32796B70200E3D4C2 /* PresentableToastModel.swift */; };
		88F90682279747B000CBC65E /* Secrets.swift in Sources */ = {isa = PBXBuildFile; fileRef = 88F90681279747B000CBC65E /* Secrets.swift */; };
		88F9069E2798115100CBC65E /* TabBarHandler.swift in Sources */ = {isa = PBXBuildFile; fileRef = 88F9069D2798115100CBC65E /* TabBarHandler.swift */; };
		88F906A327981FCC00CBC65E /* NavigationViewLevel.swift in Sources */ = {isa = PBXBuildFile; fileRef = 88F906A227981FCC00CBC65E /* NavigationViewLevel.swift */; };
		88F906A527988F4E00CBC65E /* TextAreaView.swift in Sources */ = {isa = PBXBuildFile; fileRef = 88F906A427988F4E00CBC65E /* TextAreaView.swift */; };
		88F906A92799AB6000CBC65E /* Toast-ViewModifier.swift in Sources */ = {isa = PBXBuildFile; fileRef = 88F906A82799AB6000CBC65E /* Toast-ViewModifier.swift */; };
		88F906AB2799BBF500CBC65E /* AppDelegate.swift in Sources */ = {isa = PBXBuildFile; fileRef = 88F906AA2799BBF500CBC65E /* AppDelegate.swift */; };
		88FE32F727C6D9D400344D6E /* DataController+TestFile.swift in Sources */ = {isa = PBXBuildFile; fileRef = 88FE32F627C6D9D400344D6E /* DataController+TestFile.swift */; };
		88FE32F927C6DAB100344D6E /* SpecificDataDeleteTest.swift in Sources */ = {isa = PBXBuildFile; fileRef = 88FE32F827C6DAB100344D6E /* SpecificDataDeleteTest.swift */; };
/* End PBXBuildFile section */

/* Begin PBXContainerItemProxy section */
		8848D47F2778E13000F10DC9 /* PBXContainerItemProxy */ = {
			isa = PBXContainerItemProxy;
			containerPortal = 88321416275120D40026D85F /* Project object */;
			proxyType = 1;
			remoteGlobalIDString = 8832141D275120D40026D85F;
			remoteInfo = PainMedsBuddy;
		};
		88C74D12277BAC88002B2EC6 /* PBXContainerItemProxy */ = {
			isa = PBXContainerItemProxy;
			containerPortal = 88321416275120D40026D85F /* Project object */;
			proxyType = 1;
			remoteGlobalIDString = 8832141D275120D40026D85F;
			remoteInfo = PainMedsBuddy;
		};
/* End PBXContainerItemProxy section */

/* Begin PBXFileReference section */
		880183F627C7D8B0006A8415 /* DataFile.swift */ = {isa = PBXFileReference; lastKnownFileType = sourcecode.swift; path = DataFile.swift; sourceTree = "<group>"; };
		8806475B27CAE10800454C0C /* Date+Extensions.swift */ = {isa = PBXFileReference; lastKnownFileType = sourcecode.swift; path = "Date+Extensions.swift"; sourceTree = "<group>"; };
		8809FBD2278309A40058BD6E /* Elements.swift */ = {isa = PBXFileReference; lastKnownFileType = sourcecode.swift; path = Elements.swift; sourceTree = "<group>"; };
		8809FBD4278384A70058BD6E /* BasicAction.swift */ = {isa = PBXFileReference; lastKnownFileType = sourcecode.swift; path = BasicAction.swift; sourceTree = "<group>"; };
		880A187E278D7FFE00FA0C7D /* LocalisedStringTests.swift */ = {isa = PBXFileReference; lastKnownFileType = sourcecode.swift; path = LocalisedStringTests.swift; sourceTree = "<group>"; };
		880A1880278D82DD00FA0C7D /* InterpolatedStrings.swift */ = {isa = PBXFileReference; lastKnownFileType = sourcecode.swift; path = InterpolatedStrings.swift; sourceTree = "<group>"; };
		880A1882278E351300FA0C7D /* TextFieldSelectAll-ViewModifier.swift */ = {isa = PBXFileReference; lastKnownFileType = sourcecode.swift; path = "TextFieldSelectAll-ViewModifier.swift"; sourceTree = "<group>"; };
		880EBBCA27AD22DA00F3F629 /* DataController+ImportExport.swift */ = {isa = PBXFileReference; lastKnownFileType = sourcecode.swift; path = "DataController+ImportExport.swift"; sourceTree = "<group>"; };
		88166CEE27C90792004B2D53 /* Double+Extensions.swift */ = {isa = PBXFileReference; lastKnownFileType = sourcecode.swift; path = "Double+Extensions.swift"; sourceTree = "<group>"; };
		88166CF227CA47EF004B2D53 /* SpecificDataHomeRecent.swift */ = {isa = PBXFileReference; lastKnownFileType = sourcecode.swift; path = SpecificDataHomeRecent.swift; sourceTree = "<group>"; };
		88166CF427CA6330004B2D53 /* SpecificDataHomeMedsLow.swift */ = {isa = PBXFileReference; lastKnownFileType = sourcecode.swift; path = SpecificDataHomeMedsLow.swift; sourceTree = "<group>"; };
		88166CF627CA66F2004B2D53 /* SpecificDataHomeCurrent.swift */ = {isa = PBXFileReference; lastKnownFileType = sourcecode.swift; path = SpecificDataHomeCurrent.swift; sourceTree = "<group>"; };
		88166CF827CA835E004B2D53 /* SpecificDataHomeAvailable.swift */ = {isa = PBXFileReference; lastKnownFileType = sourcecode.swift; path = SpecificDataHomeAvailable.swift; sourceTree = "<group>"; };
		88166CFA27CAA2AD004B2D53 /* SpecificDataHomeCurrentElapsed.swift */ = {isa = PBXFileReference; lastKnownFileType = sourcecode.swift; path = SpecificDataHomeCurrentElapsed.swift; sourceTree = "<group>"; };
		88166CFE27CAA925004B2D53 /* SpecificDataHomeRecentHiddenMed.swift */ = {isa = PBXFileReference; lastKnownFileType = sourcecode.swift; path = SpecificDataHomeRecentHiddenMed.swift; sourceTree = "<group>"; };
		88166D0027CAABFD004B2D53 /* SpecificDataSelectMed.swift */ = {isa = PBXFileReference; lastKnownFileType = sourcecode.swift; path = SpecificDataSelectMed.swift; sourceTree = "<group>"; };
		88166D0227CAB377004B2D53 /* SpecificDataMedListSort.swift */ = {isa = PBXFileReference; lastKnownFileType = sourcecode.swift; path = SpecificDataMedListSort.swift; sourceTree = "<group>"; };
		881BA3912764047900DA06D7 /* HomeMedRow.swift */ = {isa = PBXFileReference; lastKnownFileType = sourcecode.swift; path = HomeMedRow.swift; sourceTree = "<group>"; };
		881BA39327649C0F00DA06D7 /* MedDefault.swift */ = {isa = PBXFileReference; lastKnownFileType = sourcecode.swift; path = MedDefault.swift; sourceTree = "<group>"; };
		881BA39527649FFB00DA06D7 /* DoseDefault.swift */ = {isa = PBXFileReference; lastKnownFileType = sourcecode.swift; path = DoseDefault.swift; sourceTree = "<group>"; };
		881BA3972764AB9A00DA06D7 /* Date+Extensions.swift */ = {isa = PBXFileReference; lastKnownFileType = sourcecode.swift; path = "Date+Extensions.swift"; sourceTree = "<group>"; };
		881BA3992764B8B600DA06D7 /* Panel-ViewModifier.swift */ = {isa = PBXFileReference; lastKnownFileType = sourcecode.swift; path = "Panel-ViewModifier.swift"; sourceTree = "<group>"; };
		8823D9B627C4112A00717518 /* ModalHackView.swift */ = {isa = PBXFileReference; lastKnownFileType = sourcecode.swift; path = ModalHackView.swift; sourceTree = "<group>"; };
		8823D9B827C4117E00717518 /* UIViewController+Extensions.swift */ = {isa = PBXFileReference; lastKnownFileType = sourcecode.swift; path = "UIViewController+Extensions.swift"; sourceTree = "<group>"; };
		882A8AC927AD8EFD00137897 /* JsonFileDocument.swift */ = {isa = PBXFileReference; lastKnownFileType = sourcecode.swift; path = JsonFileDocument.swift; sourceTree = "<group>"; };
		882A8ACD27AEF82700137897 /* ToastModel.swift */ = {isa = PBXFileReference; lastKnownFileType = sourcecode.swift; path = ToastModel.swift; sourceTree = "<group>"; };
		882A8ACF27AFFCD800137897 /* RequestReview.swift */ = {isa = PBXFileReference; lastKnownFileType = sourcecode.swift; path = RequestReview.swift; sourceTree = "<group>"; };
		8831122627BE83CD00B7D8A4 /* DeviceRotation-ViewModifier.swift */ = {isa = PBXFileReference; lastKnownFileType = sourcecode.swift; path = "DeviceRotation-ViewModifier.swift"; sourceTree = "<group>"; };
		88321421275120D40026D85F /* PainMedsBuddyApp.swift */ = {isa = PBXFileReference; lastKnownFileType = sourcecode.swift; path = PainMedsBuddyApp.swift; sourceTree = "<group>"; };
		88321423275120D40026D85F /* ContentView.swift */ = {isa = PBXFileReference; lastKnownFileType = sourcecode.swift; path = ContentView.swift; sourceTree = "<group>"; };
		88321425275120D60026D85F /* Assets.xcassets */ = {isa = PBXFileReference; lastKnownFileType = folder.assetcatalog; path = Assets.xcassets; sourceTree = "<group>"; };
		88321428275120D60026D85F /* Preview Assets.xcassets */ = {isa = PBXFileReference; lastKnownFileType = folder.assetcatalog; path = "Preview Assets.xcassets"; sourceTree = "<group>"; };
		8832142A275120D60026D85F /* Info.plist */ = {isa = PBXFileReference; lastKnownFileType = text.plist.xml; path = Info.plist; sourceTree = "<group>"; };
		88340C2D27C8092F00277E1D /* 5dose-5med.json */ = {isa = PBXFileReference; fileEncoding = 4; lastKnownFileType = text.json; path = "5dose-5med.json"; sourceTree = "<group>"; };
		8840F372276B2F4200821046 /* Med-Protocol.swift */ = {isa = PBXFileReference; fileEncoding = 4; lastKnownFileType = sourcecode.swift; path = "Med-Protocol.swift"; sourceTree = "<group>"; };
		8848D4652778A01500F10DC9 /* View+Extensions.swift */ = {isa = PBXFileReference; lastKnownFileType = sourcecode.swift; path = "View+Extensions.swift"; sourceTree = "<group>"; };
		8848D4672778A02400F10DC9 /* Picker+Extensions.swift */ = {isa = PBXFileReference; lastKnownFileType = sourcecode.swift; path = "Picker+Extensions.swift"; sourceTree = "<group>"; };
		8848D4692778A03400F10DC9 /* DatePicker+Extensions.swift */ = {isa = PBXFileReference; lastKnownFileType = sourcecode.swift; path = "DatePicker+Extensions.swift"; sourceTree = "<group>"; };
		8848D46B2778A04500F10DC9 /* Button+Extensions.swift */ = {isa = PBXFileReference; lastKnownFileType = sourcecode.swift; path = "Button+Extensions.swift"; sourceTree = "<group>"; };
		8848D46D2778A05100F10DC9 /* Label+Extensions.swift */ = {isa = PBXFileReference; lastKnownFileType = sourcecode.swift; path = "Label+Extensions.swift"; sourceTree = "<group>"; };
		8848D46F2778A06400F10DC9 /* Text+Extensions.swift */ = {isa = PBXFileReference; lastKnownFileType = sourcecode.swift; path = "Text+Extensions.swift"; sourceTree = "<group>"; };
		8848D4712778A09D00F10DC9 /* LocalizedStringKey+Extensions.swift */ = {isa = PBXFileReference; lastKnownFileType = sourcecode.swift; path = "LocalizedStringKey+Extensions.swift"; sourceTree = "<group>"; };
		8848D47A2778E13000F10DC9 /* PainMedsBuddyTests.xctest */ = {isa = PBXFileReference; explicitFileType = wrapper.cfbundle; includeInIndex = 0; path = PainMedsBuddyTests.xctest; sourceTree = BUILT_PRODUCTS_DIR; };
		8848D47C2778E13000F10DC9 /* PainMedsBuddyTests.swift */ = {isa = PBXFileReference; lastKnownFileType = sourcecode.swift; path = PainMedsBuddyTests.swift; sourceTree = "<group>"; };
		8848D47E2778E13000F10DC9 /* Info.plist */ = {isa = PBXFileReference; lastKnownFileType = text.plist.xml; path = Info.plist; sourceTree = "<group>"; };
		8848D4862778EC3000F10DC9 /* AssetTest.swift */ = {isa = PBXFileReference; lastKnownFileType = sourcecode.swift; path = AssetTest.swift; sourceTree = "<group>"; };
		8848D488277913D500F10DC9 /* DoseTests.swift */ = {isa = PBXFileReference; lastKnownFileType = sourcecode.swift; path = DoseTests.swift; sourceTree = "<group>"; };
		8852BF422785B9C5000750FB /* DosesViewModel.swift */ = {isa = PBXFileReference; lastKnownFileType = sourcecode.swift; path = DosesViewModel.swift; sourceTree = "<group>"; };
		8852BF442785D648000750FB /* HomeViewModel.swift */ = {isa = PBXFileReference; lastKnownFileType = sourcecode.swift; path = HomeViewModel.swift; sourceTree = "<group>"; };
		8852BF462786063D000750FB /* MedsViewModel.swift */ = {isa = PBXFileReference; lastKnownFileType = sourcecode.swift; path = MedsViewModel.swift; sourceTree = "<group>"; };
		8852BF4827861B27000750FB /* DoseMedSelectViewModel.swift */ = {isa = PBXFileReference; lastKnownFileType = sourcecode.swift; path = DoseMedSelectViewModel.swift; sourceTree = "<group>"; };
		8852BF4A27862A64000750FB /* DoseEditViewModel.swift */ = {isa = PBXFileReference; lastKnownFileType = sourcecode.swift; path = DoseEditViewModel.swift; sourceTree = "<group>"; };
		88572052275133A700B4B00C /* Main.xcdatamodel */ = {isa = PBXFileReference; lastKnownFileType = wrapper.xcdatamodel; path = Main.xcdatamodel; sourceTree = "<group>"; };
		88572054275139DD00B4B00C /* DataController.swift */ = {isa = PBXFileReference; lastKnownFileType = sourcecode.swift; path = DataController.swift; sourceTree = "<group>"; };
		885720562752313600B4B00C /* PainMedsBuddy.entitlements */ = {isa = PBXFileReference; lastKnownFileType = text.plist.entitlements; path = PainMedsBuddy.entitlements; sourceTree = "<group>"; };
		88572058275233A300B4B00C /* CloudKit.framework */ = {isa = PBXFileReference; lastKnownFileType = wrapper.framework; name = CloudKit.framework; path = System/Library/Frameworks/CloudKit.framework; sourceTree = SDKROOT; };
		8857205A275234C400B4B00C /* HomeView.swift */ = {isa = PBXFileReference; lastKnownFileType = sourcecode.swift; path = HomeView.swift; sourceTree = "<group>"; };
		8857205C275239D800B4B00C /* DosesView.swift */ = {isa = PBXFileReference; lastKnownFileType = sourcecode.swift; path = DosesView.swift; sourceTree = "<group>"; };
		886C30BB2763912C002A45B1 /* String+Extensions.swift */ = {isa = PBXFileReference; lastKnownFileType = sourcecode.swift; path = "String+Extensions.swift"; sourceTree = "<group>"; };
		886C30BD2763913B002A45B1 /* Int+Extensions.swift */ = {isa = PBXFileReference; lastKnownFileType = sourcecode.swift; path = "Int+Extensions.swift"; sourceTree = "<group>"; };
		8883BD86276951F700EF6DCD /* Localizable.strings */ = {isa = PBXFileReference; lastKnownFileType = text.plist.strings; path = Localizable.strings; sourceTree = "<group>"; };
		8883E39B2779A2A000B9304B /* SymbolTests.swift */ = {isa = PBXFileReference; lastKnownFileType = sourcecode.swift; path = SymbolTests.swift; sourceTree = "<group>"; };
		8883E39D2779FA8800B9304B /* DevelopmentTests.swift */ = {isa = PBXFileReference; lastKnownFileType = sourcecode.swift; path = DevelopmentTests.swift; sourceTree = "<group>"; };
		8883E3A1277B474800B9304B /* ExtensionTests.swift */ = {isa = PBXFileReference; lastKnownFileType = sourcecode.swift; path = ExtensionTests.swift; sourceTree = "<group>"; };
		888FC806278B895A006A3E47 /* NoDataTests.swift */ = {isa = PBXFileReference; lastKnownFileType = sourcecode.swift; path = NoDataTests.swift; sourceTree = "<group>"; };
		8890941627BADD950070C536 /* TitleView.swift */ = {isa = PBXFileReference; lastKnownFileType = sourcecode.swift; path = TitleView.swift; sourceTree = "<group>"; };
		8890941827BADDBE0070C536 /* TabbedSplitView.swift */ = {isa = PBXFileReference; lastKnownFileType = sourcecode.swift; path = TabbedSplitView.swift; sourceTree = "<group>"; };
		8890941A27BADDED0070C536 /* SplitView.swift */ = {isa = PBXFileReference; lastKnownFileType = sourcecode.swift; path = SplitView.swift; sourceTree = "<group>"; };
		8890941C27BADE1E0070C536 /* SplitViewController.swift */ = {isa = PBXFileReference; lastKnownFileType = sourcecode.swift; path = SplitViewController.swift; sourceTree = "<group>"; };
		8890941E27BADE740070C536 /* EnvironmentValues+Extension.swift */ = {isa = PBXFileReference; lastKnownFileType = sourcecode.swift; path = "EnvironmentValues+Extension.swift"; sourceTree = "<group>"; };
		889A4CF52775E1B900E3B53B /* VStackFormView.swift */ = {isa = PBXFileReference; fileEncoding = 4; lastKnownFileType = sourcecode.swift; path = VStackFormView.swift; sourceTree = "<group>"; };
		889A4D0127764BC500E3B53B /* ChevronView.swift */ = {isa = PBXFileReference; lastKnownFileType = sourcecode.swift; path = ChevronView.swift; sourceTree = "<group>"; };
		889A8D86275122DA00AB1868 /* PainMedsBuddy.app */ = {isa = PBXFileReference; explicitFileType = wrapper.application; includeInIndex = 0; path = PainMedsBuddy.app; sourceTree = BUILT_PRODUCTS_DIR; };
		889C42C4277E0ABB003B6ED2 /* SFSymbol.swift */ = {isa = PBXFileReference; lastKnownFileType = sourcecode.swift; path = SFSymbol.swift; sourceTree = "<group>"; };
		889C42D0277F9466003B6ED2 /* Helpers.swift */ = {isa = PBXFileReference; lastKnownFileType = sourcecode.swift; path = Helpers.swift; sourceTree = "<group>"; };
		889C42D62781AD26003B6ED2 /* NavigationBarAccessor.swift */ = {isa = PBXFileReference; lastKnownFileType = sourcecode.swift; path = NavigationBarAccessor.swift; sourceTree = "<group>"; };
		889C42D82781AE9A003B6ED2 /* NavigationBarIdentifier-ViewModifier.swift */ = {isa = PBXFileReference; lastKnownFileType = sourcecode.swift; path = "NavigationBarIdentifier-ViewModifier.swift"; sourceTree = "<group>"; };
		88AB7C982754EE620055BD9B /* DoseRowView.swift */ = {isa = PBXFileReference; lastKnownFileType = sourcecode.swift; path = DoseRowView.swift; sourceTree = "<group>"; };
		88AB7C9A2754F4F20055BD9B /* DoseEditView.swift */ = {isa = PBXFileReference; lastKnownFileType = sourcecode.swift; path = DoseEditView.swift; sourceTree = "<group>"; };
		88AB7C9E275646EB0055BD9B /* TwoColumnView.swift */ = {isa = PBXFileReference; lastKnownFileType = sourcecode.swift; path = TwoColumnView.swift; sourceTree = "<group>"; };
		88AB7CA027566B3F0055BD9B /* DoseMedSelectView.swift */ = {isa = PBXFileReference; lastKnownFileType = sourcecode.swift; path = DoseMedSelectView.swift; sourceTree = "<group>"; };
		88AB7CA4275A5A760055BD9B /* Colors.xcassets */ = {isa = PBXFileReference; lastKnownFileType = folder.assetcatalog; path = Colors.xcassets; sourceTree = "<group>"; };
		88AB7CA6275D351A0055BD9B /* DoseAddView.swift */ = {isa = PBXFileReference; lastKnownFileType = sourcecode.swift; path = DoseAddView.swift; sourceTree = "<group>"; };
		88AB7CA8275E31900055BD9B /* Meds-ArrayHelpers.swift */ = {isa = PBXFileReference; lastKnownFileType = sourcecode.swift; path = "Meds-ArrayHelpers.swift"; sourceTree = "<group>"; };
		88AB7CAA275E83910055BD9B /* ButtonBorderView.swift */ = {isa = PBXFileReference; lastKnownFileType = sourcecode.swift; path = ButtonBorderView.swift; sourceTree = "<group>"; };
		88AB7CAC275E83D60055BD9B /* PopUpView.swift */ = {isa = PBXFileReference; lastKnownFileType = sourcecode.swift; path = PopUpView.swift; sourceTree = "<group>"; };
		88AB7CAE275E87340055BD9B /* MedSortPopupView.swift */ = {isa = PBXFileReference; lastKnownFileType = sourcecode.swift; path = MedSortPopupView.swift; sourceTree = "<group>"; };
		88AB7CB2275F68260055BD9B /* Sequence-Sorting.swift */ = {isa = PBXFileReference; lastKnownFileType = sourcecode.swift; path = "Sequence-Sorting.swift"; sourceTree = "<group>"; };
		88AB7CB4275F720A0055BD9B /* PlaceholderView.swift */ = {isa = PBXFileReference; lastKnownFileType = sourcecode.swift; path = PlaceholderView.swift; sourceTree = "<group>"; };
		88AB7CB6275F7BE60055BD9B /* MedAddView.swift */ = {isa = PBXFileReference; lastKnownFileType = sourcecode.swift; path = MedAddView.swift; sourceTree = "<group>"; };
		88AB7CB8275FAA940055BD9B /* Bundle-Decodable.swift */ = {isa = PBXFileReference; lastKnownFileType = sourcecode.swift; path = "Bundle-Decodable.swift"; sourceTree = "<group>"; };
		88AB7CBC275FB17F0055BD9B /* Symbols.json */ = {isa = PBXFileReference; fileEncoding = 4; lastKnownFileType = text.json; path = Symbols.json; sourceTree = "<group>"; };
		88AB7CBE275FB2360055BD9B /* SymbolModel.swift */ = {isa = PBXFileReference; lastKnownFileType = sourcecode.swift; path = SymbolModel.swift; sourceTree = "<group>"; };
		88AB7CC0275FB3150055BD9B /* SymbolsView.swift */ = {isa = PBXFileReference; lastKnownFileType = sourcecode.swift; path = SymbolsView.swift; sourceTree = "<group>"; };
		88B53E82279026E600DD74FC /* InfoPopupView.swift */ = {isa = PBXFileReference; lastKnownFileType = sourcecode.swift; path = InfoPopupView.swift; sourceTree = "<group>"; };
		88B53E872791704F00DD74FC /* MedEditViewModel.swift */ = {isa = PBXFileReference; lastKnownFileType = sourcecode.swift; path = MedEditViewModel.swift; sourceTree = "<group>"; };
		88B53E912793079900DD74FC /* DurationPopupView.swift */ = {isa = PBXFileReference; lastKnownFileType = sourcecode.swift; path = DurationPopupView.swift; sourceTree = "<group>"; };
		88B53E9427930CAF00DD74FC /* DurationPicker.swift */ = {isa = PBXFileReference; lastKnownFileType = sourcecode.swift; path = DurationPicker.swift; sourceTree = "<group>"; };
		88B53E9C279429C300DD74FC /* DismissKeyboardOnTap-ViewModifier.swift */ = {isa = PBXFileReference; lastKnownFileType = sourcecode.swift; path = "DismissKeyboardOnTap-ViewModifier.swift"; sourceTree = "<group>"; };
		88B53E9E2794AFA800DD74FC /* UIApplication+Extensions.swift */ = {isa = PBXFileReference; lastKnownFileType = sourcecode.swift; path = "UIApplication+Extensions.swift"; sourceTree = "<group>"; };
		88B53EA02795931A00DD74FC /* BasicOneMedTests.swift */ = {isa = PBXFileReference; lastKnownFileType = sourcecode.swift; path = BasicOneMedTests.swift; sourceTree = "<group>"; };
		88B6E8322754CDE500790A14 /* Binding-OnChange.swift */ = {isa = PBXFileReference; lastKnownFileType = sourcecode.swift; path = "Binding-OnChange.swift"; sourceTree = "<group>"; };
		88B6E8342754D84700790A14 /* MedsView.swift */ = {isa = PBXFileReference; lastKnownFileType = sourcecode.swift; path = MedsView.swift; sourceTree = "<group>"; };
		88C611BC27A54146006AAE38 /* Bundle+Extensions.swift */ = {isa = PBXFileReference; lastKnownFileType = sourcecode.swift; path = "Bundle+Extensions.swift"; sourceTree = "<group>"; };
		88C611BE27A576BD006AAE38 /* SettingsSupportView.swift */ = {isa = PBXFileReference; lastKnownFileType = sourcecode.swift; path = SettingsSupportView.swift; sourceTree = "<group>"; };
		88C74D03277B64DC002B2EC6 /* DecodableDictionary.json */ = {isa = PBXFileReference; lastKnownFileType = text.json; path = DecodableDictionary.json; sourceTree = "<group>"; };
		88C74D05277B6525002B2EC6 /* DecodableString.json */ = {isa = PBXFileReference; lastKnownFileType = text.json; path = DecodableString.json; sourceTree = "<group>"; };
		88C74D07277B8531002B2EC6 /* PerformanceTests.swift */ = {isa = PBXFileReference; lastKnownFileType = sourcecode.swift; path = PerformanceTests.swift; sourceTree = "<group>"; };
		88C74D0D277BAC88002B2EC6 /* PainMedsBuddyUITests.xctest */ = {isa = PBXFileReference; explicitFileType = wrapper.cfbundle; includeInIndex = 0; path = PainMedsBuddyUITests.xctest; sourceTree = BUILT_PRODUCTS_DIR; };
		88C74D0F277BAC88002B2EC6 /* BasicDataTests.swift */ = {isa = PBXFileReference; lastKnownFileType = sourcecode.swift; path = BasicDataTests.swift; sourceTree = "<group>"; };
		88C74D11277BAC88002B2EC6 /* Info.plist */ = {isa = PBXFileReference; lastKnownFileType = text.plist.xml; path = Info.plist; sourceTree = "<group>"; };
		88CE3B3127A9AF22009FB237 /* DataController+Static.swift */ = {isa = PBXFileReference; lastKnownFileType = sourcecode.swift; path = "DataController+Static.swift"; sourceTree = "<group>"; };
		88CE3B3327A9AF63009FB237 /* DataController+SampleData.swift */ = {isa = PBXFileReference; lastKnownFileType = sourcecode.swift; path = "DataController+SampleData.swift"; sourceTree = "<group>"; };
		88CE3B3527A9B00D009FB237 /* DataController+Notifications.swift */ = {isa = PBXFileReference; lastKnownFileType = sourcecode.swift; path = "DataController+Notifications.swift"; sourceTree = "<group>"; };
		88CE3B3727A9B233009FB237 /* DataController+Queries.swift */ = {isa = PBXFileReference; lastKnownFileType = sourcecode.swift; path = "DataController+Queries.swift"; sourceTree = "<group>"; };
		88DA65BC27BECCD400EC1F28 /* BasicTabSideBarTests.swift */ = {isa = PBXFileReference; lastKnownFileType = sourcecode.swift; path = BasicTabSideBarTests.swift; sourceTree = "<group>"; };
		88DFEA292786F93700E3BAFB /* SnapshotHelper.swift */ = {isa = PBXFileReference; fileEncoding = 4; lastKnownFileType = sourcecode.swift; name = SnapshotHelper.swift; path = fastlane/SnapshotHelper.swift; sourceTree = SOURCE_ROOT; };
		88DFEA2C2786F98100E3BAFB /* SnapshotUITests.swift */ = {isa = PBXFileReference; lastKnownFileType = sourcecode.swift; path = SnapshotUITests.swift; sourceTree = "<group>"; };
		88E93090275FCED000A98708 /* MedSymbolView.swift */ = {isa = PBXFileReference; lastKnownFileType = sourcecode.swift; path = MedSymbolView.swift; sourceTree = "<group>"; };
		88E93092275FD7CC00A98708 /* Color-Additions.swift */ = {isa = PBXFileReference; lastKnownFileType = sourcecode.swift; path = "Color-Additions.swift"; sourceTree = "<group>"; };
		88E930A12760A63E00A98708 /* SettingsView.swift */ = {isa = PBXFileReference; lastKnownFileType = sourcecode.swift; path = SettingsView.swift; sourceTree = "<group>"; };
		88E930A92760C6E500A98708 /* Acknowledgements.plist */ = {isa = PBXFileReference; lastKnownFileType = text.plist; path = Acknowledgements.plist; sourceTree = SOURCE_ROOT; };
		88E930AB2760D8F800A98708 /* HomeDoseProgressView.swift */ = {isa = PBXFileReference; lastKnownFileType = sourcecode.swift; path = HomeDoseProgressView.swift; sourceTree = "<group>"; };
		88EE2659279AF2BF001C2C55 /* TimeEditPickerView.swift */ = {isa = PBXFileReference; lastKnownFileType = sourcecode.swift; path = TimeEditPickerView.swift; sourceTree = "<group>"; };
		88EE265B279B1A66001C2C55 /* TimePickerView.swift */ = {isa = PBXFileReference; lastKnownFileType = sourcecode.swift; path = TimePickerView.swift; sourceTree = "<group>"; };
		88EE265D279B1D8C001C2C55 /* HourMinutePickerView.swift */ = {isa = PBXFileReference; lastKnownFileType = sourcecode.swift; path = HourMinutePickerView.swift; sourceTree = "<group>"; };
		88EE266027A154D4001C2C55 /* HomeHeadingView.swift */ = {isa = PBXFileReference; lastKnownFileType = sourcecode.swift; path = HomeHeadingView.swift; sourceTree = "<group>"; };
		88EE266227A1890E001C2C55 /* DisabledBarView.swift */ = {isa = PBXFileReference; lastKnownFileType = sourcecode.swift; path = DisabledBarView.swift; sourceTree = "<group>"; };
		88EE266427A18A7F001C2C55 /* EmptyRowView.swift */ = {isa = PBXFileReference; lastKnownFileType = sourcecode.swift; path = EmptyRowView.swift; sourceTree = "<group>"; };
		88EE266627A1ACC8001C2C55 /* SettingsDeveloperView.swift */ = {isa = PBXFileReference; lastKnownFileType = sourcecode.swift; path = SettingsDeveloperView.swift; sourceTree = "<group>"; };
		88EE266827A1D44F001C2C55 /* SettingsAdvancedView.swift */ = {isa = PBXFileReference; lastKnownFileType = sourcecode.swift; path = SettingsAdvancedView.swift; sourceTree = "<group>"; };
		88EF203027526746006037CF /* Med-CoreDataHelpers.swift */ = {isa = PBXFileReference; lastKnownFileType = sourcecode.swift; path = "Med-CoreDataHelpers.swift"; sourceTree = "<group>"; };
		88EF2032275268B1006037CF /* Dose-CoreDataHelpers.swift */ = {isa = PBXFileReference; lastKnownFileType = sourcecode.swift; path = "Dose-CoreDataHelpers.swift"; sourceTree = "<group>"; };
		88EF20362753B215006037CF /* MedEditView.swift */ = {isa = PBXFileReference; lastKnownFileType = sourcecode.swift; path = MedEditView.swift; sourceTree = "<group>"; };
		88EF20382753BBA0006037CF /* MedRowView.swift */ = {isa = PBXFileReference; lastKnownFileType = sourcecode.swift; path = MedRowView.swift; sourceTree = "<group>"; };
		88F2E988276FD74500081C9C /* HomeRecentMedsView.swift */ = {isa = PBXFileReference; lastKnownFileType = sourcecode.swift; path = HomeRecentMedsView.swift; sourceTree = "<group>"; };
		88F2E98A276FDBC600081C9C /* HomeLowMedsView.swift */ = {isa = PBXFileReference; lastKnownFileType = sourcecode.swift; path = HomeLowMedsView.swift; sourceTree = "<group>"; };
		88F2E98D27708AF700081C9C /* Strings.swift */ = {isa = PBXFileReference; lastKnownFileType = sourcecode.swift; path = Strings.swift; sourceTree = "<group>"; };
		88F493B32796B70200E3D4C2 /* PresentableToastModel.swift */ = {isa = PBXFileReference; lastKnownFileType = sourcecode.swift; path = PresentableToastModel.swift; sourceTree = "<group>"; };
		88F90681279747B000CBC65E /* Secrets.swift */ = {isa = PBXFileReference; lastKnownFileType = sourcecode.swift; path = Secrets.swift; sourceTree = "<group>"; };
		88F9069D2798115100CBC65E /* TabBarHandler.swift */ = {isa = PBXFileReference; lastKnownFileType = sourcecode.swift; path = TabBarHandler.swift; sourceTree = "<group>"; };
		88F906A227981FCC00CBC65E /* NavigationViewLevel.swift */ = {isa = PBXFileReference; lastKnownFileType = sourcecode.swift; name = NavigationViewLevel.swift; path = PainMedsBuddy/Routes/Shared/Views/NavigationViewLevel.swift; sourceTree = SOURCE_ROOT; };
		88F906A427988F4E00CBC65E /* TextAreaView.swift */ = {isa = PBXFileReference; lastKnownFileType = sourcecode.swift; path = TextAreaView.swift; sourceTree = "<group>"; };
		88F906A82799AB6000CBC65E /* Toast-ViewModifier.swift */ = {isa = PBXFileReference; lastKnownFileType = sourcecode.swift; path = "Toast-ViewModifier.swift"; sourceTree = "<group>"; };
		88F906AA2799BBF500CBC65E /* AppDelegate.swift */ = {isa = PBXFileReference; lastKnownFileType = sourcecode.swift; path = AppDelegate.swift; sourceTree = "<group>"; };
		88FE32F627C6D9D400344D6E /* DataController+TestFile.swift */ = {isa = PBXFileReference; lastKnownFileType = sourcecode.swift; path = "DataController+TestFile.swift"; sourceTree = "<group>"; };
		88FE32F827C6DAB100344D6E /* SpecificDataDeleteTest.swift */ = {isa = PBXFileReference; lastKnownFileType = sourcecode.swift; path = SpecificDataDeleteTest.swift; sourceTree = "<group>"; };
/* End PBXFileReference section */

/* Begin PBXFrameworksBuildPhase section */
		8832141B275120D40026D85F /* Frameworks */ = {
			isa = PBXFrameworksBuildPhase;
			buildActionMask = 2147483647;
			files = (
				8806A4DB2CB001A7007F1656 /* FormValidator in Frameworks */,
				88E705DB27872E73003EB471 /* CircularProgress in Frameworks */,
				88572059275233A300B4B00C /* CloudKit.framework in Frameworks */,
				88C611BB27A538A1006AAE38 /* DeviceKit in Frameworks */,
				88E9309C2760A4B900A98708 /* AckGen in Frameworks */,
				88E9309E2760A4B900A98708 /* AckGenUI in Frameworks */,
				88F493B22796104500E3D4C2 /* SimpleToast in Frameworks */,
				887AEC8727A414FB0038245F /* SwiftUIMailView in Frameworks */,
			);
			runOnlyForDeploymentPostprocessing = 0;
		};
		8848D4772778E13000F10DC9 /* Frameworks */ = {
			isa = PBXFrameworksBuildPhase;
			buildActionMask = 2147483647;
			files = (
			);
			runOnlyForDeploymentPostprocessing = 0;
		};
		88C74D0A277BAC88002B2EC6 /* Frameworks */ = {
			isa = PBXFrameworksBuildPhase;
			buildActionMask = 2147483647;
			files = (
				880183F327C79B59006A8415 /* SwiftyJSON in Frameworks */,
			);
			runOnlyForDeploymentPostprocessing = 0;
		};
/* End PBXFrameworksBuildPhase section */

/* Begin PBXGroup section */
		880183F427C7D7A6006A8415 /* DataFiles */ = {
			isa = PBXGroup;
			children = (
				88340C2D27C8092F00277E1D /* 5dose-5med.json */,
			);
			path = DataFiles;
			sourceTree = "<group>";
		};
		880183F527C7D862006A8415 /* Setup */ = {
			isa = PBXGroup;
			children = (
				8809FBD2278309A40058BD6E /* Elements.swift */,
				8809FBD4278384A70058BD6E /* BasicAction.swift */,
				8806475B27CAE10800454C0C /* Date+Extensions.swift */,
				880183F627C7D8B0006A8415 /* DataFile.swift */,
			);
			path = Setup;
			sourceTree = "<group>";
		};
		88321415275120D40026D85F = {
			isa = PBXGroup;
			children = (
				88321420275120D40026D85F /* PainMedsBuddy */,
				8848D47B2778E13000F10DC9 /* PainMedsBuddyTests */,
				88C74D0E277BAC88002B2EC6 /* PainMedsBuddyUITests */,
				88572057275233A300B4B00C /* Frameworks */,
				8848D47A2778E13000F10DC9 /* PainMedsBuddyTests.xctest */,
				88C74D0D277BAC88002B2EC6 /* PainMedsBuddyUITests.xctest */,
				889A8D86275122DA00AB1868 /* PainMedsBuddy.app */,
			);
			sourceTree = "<group>";
		};
		88321420275120D40026D85F /* PainMedsBuddy */ = {
			isa = PBXGroup;
			children = (
				8848D45D2778986B00F10DC9 /* Routes */,
				8848D45E2778987F00F10DC9 /* Extensions */,
				889C42D52781ACE0003B6ED2 /* Modifiers */,
				8848D45C2778980200F10DC9 /* Configuration */,
				8848D46427789DDB00F10DC9 /* Localization */,
				88E930A92760C6E500A98708 /* Acknowledgements.plist */,
				88321425275120D60026D85F /* Assets.xcassets */,
				88AB7CA4275A5A760055BD9B /* Colors.xcassets */,
				88321423275120D40026D85F /* ContentView.swift */,
				88572054275139DD00B4B00C /* DataController.swift */,
				88CE3B3127A9AF22009FB237 /* DataController+Static.swift */,
				88CE3B3727A9B233009FB237 /* DataController+Queries.swift */,
				88CE3B3327A9AF63009FB237 /* DataController+SampleData.swift */,
				88CE3B3527A9B00D009FB237 /* DataController+Notifications.swift */,
				88FE32F627C6D9D400344D6E /* DataController+TestFile.swift */,
				880EBBCA27AD22DA00F3F629 /* DataController+ImportExport.swift */,
				88F906AA2799BBF500CBC65E /* AppDelegate.swift */,
				88321421275120D40026D85F /* PainMedsBuddyApp.swift */,
				88321427275120D60026D85F /* Preview Content */,
			);
			path = PainMedsBuddy;
			sourceTree = "<group>";
		};
		88321427275120D60026D85F /* Preview Content */ = {
			isa = PBXGroup;
			children = (
				88321428275120D60026D85F /* Preview Assets.xcassets */,
			);
			path = "Preview Content";
			sourceTree = "<group>";
		};
		8848D45C2778980200F10DC9 /* Configuration */ = {
			isa = PBXGroup;
			children = (
				8832142A275120D60026D85F /* Info.plist */,
				88572051275133A700B4B00C /* Main.xcdatamodeld */,
				885720562752313600B4B00C /* PainMedsBuddy.entitlements */,
				88F90681279747B000CBC65E /* Secrets.swift */,
			);
			path = Configuration;
			sourceTree = "<group>";
		};
		8848D45D2778986B00F10DC9 /* Routes */ = {
			isa = PBXGroup;
			children = (
				8848D45F277898A300F10DC9 /* Home */,
				8848D460277898AA00F10DC9 /* Doses */,
				8848D461277898B800F10DC9 /* Meds */,
				8848D462277898BF00F10DC9 /* Settings */,
				8848D46327789CCC00F10DC9 /* Shared */,
			);
			path = Routes;
			sourceTree = "<group>";
		};
		8848D45E2778987F00F10DC9 /* Extensions */ = {
			isa = PBXGroup;
			children = (
				8848D4752778A1EE00F10DC9 /* Data */,
				8848D4742778A1AA00F10DC9 /* SwiftUI */,
				8848D4732778A19F00F10DC9 /* Foundation */,
			);
			path = Extensions;
			sourceTree = "<group>";
		};
		8848D45F277898A300F10DC9 /* Home */ = {
			isa = PBXGroup;
			children = (
				88E930AB2760D8F800A98708 /* HomeDoseProgressView.swift */,
				88F2E98A276FDBC600081C9C /* HomeLowMedsView.swift */,
				881BA3912764047900DA06D7 /* HomeMedRow.swift */,
				88F2E988276FD74500081C9C /* HomeRecentMedsView.swift */,
				8857205A275234C400B4B00C /* HomeView.swift */,
				8852BF442785D648000750FB /* HomeViewModel.swift */,
				88EE266027A154D4001C2C55 /* HomeHeadingView.swift */,
			);
			path = Home;
			sourceTree = "<group>";
		};
		8848D460277898AA00F10DC9 /* Doses */ = {
			isa = PBXGroup;
			children = (
				88AB7CA6275D351A0055BD9B /* DoseAddView.swift */,
				88AB7C9A2754F4F20055BD9B /* DoseEditView.swift */,
				8852BF4A27862A64000750FB /* DoseEditViewModel.swift */,
				88AB7CA027566B3F0055BD9B /* DoseMedSelectView.swift */,
				8852BF4827861B27000750FB /* DoseMedSelectViewModel.swift */,
				88AB7C982754EE620055BD9B /* DoseRowView.swift */,
				8857205C275239D800B4B00C /* DosesView.swift */,
				8852BF422785B9C5000750FB /* DosesViewModel.swift */,
			);
			path = Doses;
			sourceTree = "<group>";
		};
		8848D461277898B800F10DC9 /* Meds */ = {
			isa = PBXGroup;
			children = (
				88AB7CB6275F7BE60055BD9B /* MedAddView.swift */,
				88EF20362753B215006037CF /* MedEditView.swift */,
				88B53E872791704F00DD74FC /* MedEditViewModel.swift */,
				88AB7CAE275E87340055BD9B /* MedSortPopupView.swift */,
				88B6E8342754D84700790A14 /* MedsView.swift */,
				8852BF462786063D000750FB /* MedsViewModel.swift */,
			);
			path = Meds;
			sourceTree = "<group>";
		};
		8848D462277898BF00F10DC9 /* Settings */ = {
			isa = PBXGroup;
			children = (
				88E930A12760A63E00A98708 /* SettingsView.swift */,
				88C611BE27A576BD006AAE38 /* SettingsSupportView.swift */,
				88EE266627A1ACC8001C2C55 /* SettingsDeveloperView.swift */,
				88EE266827A1D44F001C2C55 /* SettingsAdvancedView.swift */,
			);
			path = Settings;
			sourceTree = "<group>";
		};
		8848D46327789CCC00F10DC9 /* Shared */ = {
			isa = PBXGroup;
			children = (
				8890941527BADCA90070C536 /* Models */,
				88C8B7C927ABDF400051508F /* Views */,
				881BA39527649FFB00DA06D7 /* DoseDefault.swift */,
				88B53E9427930CAF00DD74FC /* DurationPicker.swift */,
				882A8AC927AD8EFD00137897 /* JsonFileDocument.swift */,
				8840F372276B2F4200821046 /* Med-Protocol.swift */,
				881BA39327649C0F00DA06D7 /* MedDefault.swift */,
				882A8ACF27AFFCD800137897 /* RequestReview.swift */,
				88AB7CBC275FB17F0055BD9B /* Symbols.json */,
				88F9069D2798115100CBC65E /* TabBarHandler.swift */,
			);
			path = Shared;
			sourceTree = "<group>";
		};
		8848D46427789DDB00F10DC9 /* Localization */ = {
			isa = PBXGroup;
			children = (
				880A1880278D82DD00FA0C7D /* InterpolatedStrings.swift */,
				8883BD86276951F700EF6DCD /* Localizable.strings */,
				88F2E98D27708AF700081C9C /* Strings.swift */,
			);
			path = Localization;
			sourceTree = "<group>";
		};
		8848D4732778A19F00F10DC9 /* Foundation */ = {
			isa = PBXGroup;
			children = (
				88AB7CB8275FAA940055BD9B /* Bundle-Decodable.swift */,
				88C611BC27A54146006AAE38 /* Bundle+Extensions.swift */,
				881BA3972764AB9A00DA06D7 /* Date+Extensions.swift */,
				886C30BD2763913B002A45B1 /* Int+Extensions.swift */,
				88166CEE27C90792004B2D53 /* Double+Extensions.swift */,
				88AB7CB2275F68260055BD9B /* Sequence-Sorting.swift */,
				8823D9B827C4117E00717518 /* UIViewController+Extensions.swift */,
				886C30BB2763912C002A45B1 /* String+Extensions.swift */,
				88B53E9E2794AFA800DD74FC /* UIApplication+Extensions.swift */,
			);
			path = Foundation;
			sourceTree = "<group>";
		};
		8848D4742778A1AA00F10DC9 /* SwiftUI */ = {
			isa = PBXGroup;
			children = (
				88B6E8322754CDE500790A14 /* Binding-OnChange.swift */,
				8848D46B2778A04500F10DC9 /* Button+Extensions.swift */,
				88E93092275FD7CC00A98708 /* Color-Additions.swift */,
				8848D4692778A03400F10DC9 /* DatePicker+Extensions.swift */,
				8890941E27BADE740070C536 /* EnvironmentValues+Extension.swift */,
				8848D46D2778A05100F10DC9 /* Label+Extensions.swift */,
				8848D4712778A09D00F10DC9 /* LocalizedStringKey+Extensions.swift */,
				8848D4672778A02400F10DC9 /* Picker+Extensions.swift */,
				889C42C4277E0ABB003B6ED2 /* SFSymbol.swift */,
				8848D46F2778A06400F10DC9 /* Text+Extensions.swift */,
				8848D4652778A01500F10DC9 /* View+Extensions.swift */,
			);
			path = SwiftUI;
			sourceTree = "<group>";
		};
		8848D4752778A1EE00F10DC9 /* Data */ = {
			isa = PBXGroup;
			children = (
				88EF2032275268B1006037CF /* Dose-CoreDataHelpers.swift */,
				88EF203027526746006037CF /* Med-CoreDataHelpers.swift */,
				88AB7CA8275E31900055BD9B /* Meds-ArrayHelpers.swift */,
			);
			path = Data;
			sourceTree = "<group>";
		};
		8848D47B2778E13000F10DC9 /* PainMedsBuddyTests */ = {
			isa = PBXGroup;
			children = (
				8848D4862778EC3000F10DC9 /* AssetTest.swift */,
				8883E39D2779FA8800B9304B /* DevelopmentTests.swift */,
				8848D488277913D500F10DC9 /* DoseTests.swift */,
				8883E3A1277B474800B9304B /* ExtensionTests.swift */,
				88C74D02277B649D002B2EC6 /* Fixtures */,
				889C42D0277F9466003B6ED2 /* Helpers.swift */,
				8848D47E2778E13000F10DC9 /* Info.plist */,
				880A187E278D7FFE00FA0C7D /* LocalisedStringTests.swift */,
				8848D47C2778E13000F10DC9 /* PainMedsBuddyTests.swift */,
				88C74D07277B8531002B2EC6 /* PerformanceTests.swift */,
				8883E39B2779A2A000B9304B /* SymbolTests.swift */,
			);
			path = PainMedsBuddyTests;
			sourceTree = "<group>";
		};
		88572057275233A300B4B00C /* Frameworks */ = {
			isa = PBXGroup;
			children = (
				88572058275233A300B4B00C /* CloudKit.framework */,
			);
			name = Frameworks;
			sourceTree = "<group>";
		};
		8890941527BADCA90070C536 /* Models */ = {
			isa = PBXGroup;
			children = (
				88F493B32796B70200E3D4C2 /* PresentableToastModel.swift */,
				88AB7CBE275FB2360055BD9B /* SymbolModel.swift */,
				8890941627BADD950070C536 /* TitleView.swift */,
				882A8ACD27AEF82700137897 /* ToastModel.swift */,
			);
			path = Models;
			sourceTree = "<group>";
		};
		889C42D52781ACE0003B6ED2 /* Modifiers */ = {
			isa = PBXGroup;
			children = (
				8831122627BE83CD00B7D8A4 /* DeviceRotation-ViewModifier.swift */,
				8823D9B627C4112A00717518 /* ModalHackView.swift */,
				88B53E9C279429C300DD74FC /* DismissKeyboardOnTap-ViewModifier.swift */,
				889C42D62781AD26003B6ED2 /* NavigationBarAccessor.swift */,
				889C42D82781AE9A003B6ED2 /* NavigationBarIdentifier-ViewModifier.swift */,
				881BA3992764B8B600DA06D7 /* Panel-ViewModifier.swift */,
				8890941C27BADE1E0070C536 /* SplitViewController.swift */,
				880A1882278E351300FA0C7D /* TextFieldSelectAll-ViewModifier.swift */,
				88F906A82799AB6000CBC65E /* Toast-ViewModifier.swift */,
			);
			path = Modifiers;
			sourceTree = "<group>";
		};
		88B53E932793084100DD74FC /* Popups */ = {
			isa = PBXGroup;
			children = (
				88B53E912793079900DD74FC /* DurationPopupView.swift */,
				88B53E82279026E600DD74FC /* InfoPopupView.swift */,
				88AB7CAC275E83D60055BD9B /* PopUpView.swift */,
			);
			path = Popups;
			sourceTree = "<group>";
		};
		88C74D02277B649D002B2EC6 /* Fixtures */ = {
			isa = PBXGroup;
			children = (
				88C74D03277B64DC002B2EC6 /* DecodableDictionary.json */,
				88C74D05277B6525002B2EC6 /* DecodableString.json */,
			);
			path = Fixtures;
			sourceTree = "<group>";
		};
		88C74D0E277BAC88002B2EC6 /* PainMedsBuddyUITests */ = {
			isa = PBXGroup;
			children = (
				880183F527C7D862006A8415 /* Setup */,
				880183F427C7D7A6006A8415 /* DataFiles */,
				88DFEA2B2786F96600E3BAFB /* Fastlane */,
				88C74D0F277BAC88002B2EC6 /* BasicDataTests.swift */,
				88166CF227CA47EF004B2D53 /* SpecificDataHomeRecent.swift */,
				88166CFE27CAA925004B2D53 /* SpecificDataHomeRecentHiddenMed.swift */,
				88FE32F827C6DAB100344D6E /* SpecificDataDeleteTest.swift */,
				88166D0227CAB377004B2D53 /* SpecificDataMedListSort.swift */,
				88166CF427CA6330004B2D53 /* SpecificDataHomeMedsLow.swift */,
				88166D0027CAABFD004B2D53 /* SpecificDataSelectMed.swift */,
				88166CF827CA835E004B2D53 /* SpecificDataHomeAvailable.swift */,
				88166CF627CA66F2004B2D53 /* SpecificDataHomeCurrent.swift */,
				88166CFA27CAA2AD004B2D53 /* SpecificDataHomeCurrentElapsed.swift */,
				88C74D11277BAC88002B2EC6 /* Info.plist */,
				888FC806278B895A006A3E47 /* NoDataTests.swift */,
				88B53EA02795931A00DD74FC /* BasicOneMedTests.swift */,
				88DA65BC27BECCD400EC1F28 /* BasicTabSideBarTests.swift */,
			);
			path = PainMedsBuddyUITests;
			sourceTree = "<group>";
		};
		88C8B7C927ABDF400051508F /* Views */ = {
			isa = PBXGroup;
			children = (
				88B53E932793084100DD74FC /* Popups */,
				88AB7CAA275E83910055BD9B /* ButtonBorderView.swift */,
				889A4D0127764BC500E3B53B /* ChevronView.swift */,
				88EE266227A1890E001C2C55 /* DisabledBarView.swift */,
				88EE266427A18A7F001C2C55 /* EmptyRowView.swift */,
				88EE265D279B1D8C001C2C55 /* HourMinutePickerView.swift */,
				88EF20382753BBA0006037CF /* MedRowView.swift */,
				88E93090275FCED000A98708 /* MedSymbolView.swift */,
				88F906A227981FCC00CBC65E /* NavigationViewLevel.swift */,
				88AB7CB4275F720A0055BD9B /* PlaceholderView.swift */,
				8890941A27BADDED0070C536 /* SplitView.swift */,
				88AB7CC0275FB3150055BD9B /* SymbolsView.swift */,
				8890941827BADDBE0070C536 /* TabbedSplitView.swift */,
				88F906A427988F4E00CBC65E /* TextAreaView.swift */,
				88EE2659279AF2BF001C2C55 /* TimeEditPickerView.swift */,
				88EE265B279B1A66001C2C55 /* TimePickerView.swift */,
				88AB7C9E275646EB0055BD9B /* TwoColumnView.swift */,
				889A4CF52775E1B900E3B53B /* VStackFormView.swift */,
			);
			path = Views;
			sourceTree = "<group>";
		};
		88DFEA2B2786F96600E3BAFB /* Fastlane */ = {
			isa = PBXGroup;
			children = (
				88DFEA292786F93700E3BAFB /* SnapshotHelper.swift */,
				88DFEA2C2786F98100E3BAFB /* SnapshotUITests.swift */,
			);
			path = Fastlane;
			sourceTree = "<group>";
		};
/* End PBXGroup section */

/* Begin PBXNativeTarget section */
		8832141D275120D40026D85F /* PainMedsBuddy */ = {
			isa = PBXNativeTarget;
			buildConfigurationList = 8832142D275120D60026D85F /* Build configuration list for PBXNativeTarget "PainMedsBuddy" */;
			buildPhases = (
				8877418027A846C100D655E8 /* Auto Increment Version Script */,
				8848D45B277700A300F10DC9 /* SwiftLint */,
				8832141A275120D40026D85F /* Sources */,
				8832141B275120D40026D85F /* Frameworks */,
				8832141C275120D40026D85F /* Resources */,
				88E930A02760A51600A98708 /* AckGen */,
			);
			buildRules = (
			);
			dependencies = (
			);
			name = PainMedsBuddy;
			packageProductDependencies = (
				88E9309B2760A4B900A98708 /* AckGen */,
				88E9309D2760A4B900A98708 /* AckGenUI */,
				88E705DA27872E73003EB471 /* CircularProgress */,
				88F493B12796104500E3D4C2 /* SimpleToast */,
				887AEC8627A414FB0038245F /* SwiftUIMailView */,
				88C611BA27A538A1006AAE38 /* DeviceKit */,
				8806A4DA2CB001A7007F1656 /* FormValidator */,
			);
			productName = PainMedsBuddy;
			productReference = 889A8D86275122DA00AB1868 /* PainMedsBuddy.app */;
			productType = "com.apple.product-type.application";
		};
		8848D4792778E13000F10DC9 /* PainMedsBuddyTests */ = {
			isa = PBXNativeTarget;
			buildConfigurationList = 8848D4812778E13000F10DC9 /* Build configuration list for PBXNativeTarget "PainMedsBuddyTests" */;
			buildPhases = (
				8848D4762778E13000F10DC9 /* Sources */,
				8848D4772778E13000F10DC9 /* Frameworks */,
				8848D4782778E13000F10DC9 /* Resources */,
			);
			buildRules = (
			);
			dependencies = (
				8848D4802778E13000F10DC9 /* PBXTargetDependency */,
			);
			name = PainMedsBuddyTests;
			productName = PainMedsBuddyTests;
			productReference = 8848D47A2778E13000F10DC9 /* PainMedsBuddyTests.xctest */;
			productType = "com.apple.product-type.bundle.unit-test";
		};
		88C74D0C277BAC88002B2EC6 /* PainMedsBuddyUITests */ = {
			isa = PBXNativeTarget;
			buildConfigurationList = 88C74D14277BAC88002B2EC6 /* Build configuration list for PBXNativeTarget "PainMedsBuddyUITests" */;
			buildPhases = (
				88C74D09277BAC88002B2EC6 /* Sources */,
				88C74D0A277BAC88002B2EC6 /* Frameworks */,
				88C74D0B277BAC88002B2EC6 /* Resources */,
			);
			buildRules = (
			);
			dependencies = (
				88C74D13277BAC88002B2EC6 /* PBXTargetDependency */,
			);
			name = PainMedsBuddyUITests;
			packageProductDependencies = (
				880183F227C79B59006A8415 /* SwiftyJSON */,
			);
			productName = PainMedsBuddyUITests;
			productReference = 88C74D0D277BAC88002B2EC6 /* PainMedsBuddyUITests.xctest */;
			productType = "com.apple.product-type.bundle.ui-testing";
		};
/* End PBXNativeTarget section */

/* Begin PBXProject section */
		88321416275120D40026D85F /* Project object */ = {
			isa = PBXProject;
			attributes = {
				LastSwiftUpdateCheck = 1250;
				LastUpgradeCheck = 1250;
				TargetAttributes = {
					8832141D275120D40026D85F = {
						CreatedOnToolsVersion = 12.5;
					};
					8848D4792778E13000F10DC9 = {
						CreatedOnToolsVersion = 12.5;
						TestTargetID = 8832141D275120D40026D85F;
					};
					88C74D0C277BAC88002B2EC6 = {
						CreatedOnToolsVersion = 12.5;
						TestTargetID = 8832141D275120D40026D85F;
					};
				};
			};
			buildConfigurationList = 88321419275120D40026D85F /* Build configuration list for PBXProject "PainMedsBuddy" */;
			compatibilityVersion = "Xcode 9.3";
			developmentRegion = en;
			hasScannedForEncodings = 0;
			knownRegions = (
				en,
				Base,
			);
			mainGroup = 88321415275120D40026D85F;
			packageReferences = (
				88E9309A2760A4B900A98708 /* XCRemoteSwiftPackageReference "AckGen" */,
				88E705D927872E73003EB471 /* XCRemoteSwiftPackageReference "CircularProgressSwiftUI" */,
				88F493B02796104500E3D4C2 /* XCRemoteSwiftPackageReference "SimpleToast" */,
				887AEC8527A414FB0038245F /* XCRemoteSwiftPackageReference "swiftui-mail-view" */,
				88C611B927A538A1006AAE38 /* XCRemoteSwiftPackageReference "DeviceKit" */,
				880183F127C79B59006A8415 /* XCRemoteSwiftPackageReference "SwiftyJSON" */,
				8806A4D92CB001A7007F1656 /* XCRemoteSwiftPackageReference "SwiftUIFormValidator" */,
			);
			productRefGroup = 88321415275120D40026D85F;
			projectDirPath = "";
			projectRoot = "";
			targets = (
				8832141D275120D40026D85F /* PainMedsBuddy */,
				8848D4792778E13000F10DC9 /* PainMedsBuddyTests */,
				88C74D0C277BAC88002B2EC6 /* PainMedsBuddyUITests */,
			);
		};
/* End PBXProject section */

/* Begin PBXResourcesBuildPhase section */
		8832141C275120D40026D85F /* Resources */ = {
			isa = PBXResourcesBuildPhase;
			buildActionMask = 2147483647;
			files = (
				88E930AA2760C6E500A98708 /* Acknowledgements.plist in Resources */,
				8883BD87276951F700EF6DCD /* Localizable.strings in Resources */,
				88AB7CA5275A5A760055BD9B /* Colors.xcassets in Resources */,
				88AB7CBD275FB17F0055BD9B /* Symbols.json in Resources */,
				88321429275120D60026D85F /* Preview Assets.xcassets in Resources */,
				88321426275120D60026D85F /* Assets.xcassets in Resources */,
			);
			runOnlyForDeploymentPostprocessing = 0;
		};
		8848D4782778E13000F10DC9 /* Resources */ = {
			isa = PBXResourcesBuildPhase;
			buildActionMask = 2147483647;
			files = (
				88C74D06277B6525002B2EC6 /* DecodableString.json in Resources */,
				88C74D04277B64DC002B2EC6 /* DecodableDictionary.json in Resources */,
			);
			runOnlyForDeploymentPostprocessing = 0;
		};
		88C74D0B277BAC88002B2EC6 /* Resources */ = {
			isa = PBXResourcesBuildPhase;
			buildActionMask = 2147483647;
			files = (
				88340C2E27C8092F00277E1D /* 5dose-5med.json in Resources */,
			);
			runOnlyForDeploymentPostprocessing = 0;
		};
/* End PBXResourcesBuildPhase section */

/* Begin PBXShellScriptBuildPhase section */
		8848D45B277700A300F10DC9 /* SwiftLint */ = {
			isa = PBXShellScriptBuildPhase;
			alwaysOutOfDate = 1;
			buildActionMask = 12;
			files = (
			);
			inputFileListPaths = (
			);
			inputPaths = (
			);
			name = SwiftLint;
			outputFileListPaths = (
			);
			outputPaths = (
			);
			runOnlyForDeploymentPostprocessing = 0;
			shellPath = /bin/sh;
			shellScript = "if test -d \"/opt/homebrew/bin/\"; then\n  PATH=\"/opt/homebrew/bin/:${PATH}\"\nfi\n\nexport PATH\n\nif which swiftlint >/dev/null; then\n  swiftlint\nelse\n  echo \"warning: SwiftLint not installed, download from https://github.com/realm/SwiftLint\"\nfi\n";
		};
		8877418027A846C100D655E8 /* Auto Increment Version Script */ = {
			isa = PBXShellScriptBuildPhase;
			alwaysOutOfDate = 1;
			buildActionMask = 2147483647;
			files = (
			);
			inputFileListPaths = (
			);
			inputPaths = (
			);
			name = "Auto Increment Version Script";
			outputFileListPaths = (
			);
			outputPaths = (
			);
			runOnlyForDeploymentPostprocessing = 0;
			shellPath = /bin/sh;
			shellScript = "#!/bin/bash\n\nconfig=${CONFIGURATION}\n\nif [ \"${config}\" = \"Release\" ]; then\n# Auto Increment Version Script\nbuildNumber=$(/usr/libexec/PlistBuddy -c \"Print CFBuildNumber\" \"${INFOPLIST_FILE}\")\nbuildNumber=$(($buildNumber + 1))\n/usr/libexec/PlistBuddy -c \"Set :CFBuildNumber $buildNumber\" \"${INFOPLIST_FILE}\"\nCFBuildDate=$(date)\n/usr/libexec/PlistBuddy -c \"Set :CFBuildDate $CFBuildDate\" \"${INFOPLIST_FILE}\"\nCFBundleVersion=$(/usr/libexec/PlistBuddy -c \"Print CFBundleVersion\" \"${INFOPLIST_FILE}\")\nCFBundleVersionNew=$(($CFBundleVersion + 1))\n/usr/libexec/PlistBuddy -c \"Set :CFBundleVersion $CFBundleVersionNew\" \"${INFOPLIST_FILE}\"\nelse\necho \"info: Skipping build number incrementation in ${config} mode\"\nfi\n";
		};
		88E930A02760A51600A98708 /* AckGen */ = {
			isa = PBXShellScriptBuildPhase;
			alwaysOutOfDate = 1;
			buildActionMask = 12;
			files = (
			);
			inputFileListPaths = (
			);
			inputPaths = (
			);
			name = AckGen;
			outputFileListPaths = (
			);
			outputPaths = (
			);
			runOnlyForDeploymentPostprocessing = 0;
			shellPath = /bin/sh;
			shellScript = "DIR=$PROJECT_TEMP_DIR/../../../SourcePackages/checkouts/AckGen\nif [ -d \"$DIR\" ]; then\n  cd $DIR\n  SDKROOT=(xcrun --sdk macosx --show-sdk-path)\n  swift run ackgen\nelse\n  echo \"warning: AckGen not found. Please install the package via SPM (https://github.com/MartinP7r/AckGen#installation)\"\nfi\n";
		};
/* End PBXShellScriptBuildPhase section */

/* Begin PBXSourcesBuildPhase section */
		8832141A275120D40026D85F /* Sources */ = {
			isa = PBXSourcesBuildPhase;
			buildActionMask = 2147483647;
			files = (
				882A8AD027AFFCD800137897 /* RequestReview.swift in Sources */,
				88AB7CA127566B3F0055BD9B /* DoseMedSelectView.swift in Sources */,
				88F906A92799AB6000CBC65E /* Toast-ViewModifier.swift in Sources */,
				88B53E882791704F00DD74FC /* MedEditViewModel.swift in Sources */,
				88AB7CAB275E83910055BD9B /* ButtonBorderView.swift in Sources */,
				8890941727BADD950070C536 /* TitleView.swift in Sources */,
				8852BF432785B9C5000750FB /* DosesViewModel.swift in Sources */,
				88EE266327A1890F001C2C55 /* DisabledBarView.swift in Sources */,
				88AB7CB9275FAA950055BD9B /* Bundle-Decodable.swift in Sources */,
				88AB7C992754EE620055BD9B /* DoseRowView.swift in Sources */,
				88AB7C9F275646EB0055BD9B /* TwoColumnView.swift in Sources */,
				881BA39A2764B8B600DA06D7 /* Panel-ViewModifier.swift in Sources */,
				8823D9B927C4117E00717518 /* UIViewController+Extensions.swift in Sources */,
				88E93091275FCED000A98708 /* MedSymbolView.swift in Sources */,
				88AB7CBF275FB2360055BD9B /* SymbolModel.swift in Sources */,
				88F9069E2798115100CBC65E /* TabBarHandler.swift in Sources */,
				8890941B27BADDED0070C536 /* SplitView.swift in Sources */,
				88EF20392753BBA0006037CF /* MedRowView.swift in Sources */,
				8831122727BE83CD00B7D8A4 /* DeviceRotation-ViewModifier.swift in Sources */,
				88EE265A279AF2BF001C2C55 /* TimeEditPickerView.swift in Sources */,
				88CE3B3427A9AF63009FB237 /* DataController+SampleData.swift in Sources */,
				88EE266527A18A7F001C2C55 /* EmptyRowView.swift in Sources */,
				8840F373276B2F4200821046 /* Med-Protocol.swift in Sources */,
				88B53E9D279429C300DD74FC /* DismissKeyboardOnTap-ViewModifier.swift in Sources */,
				88F2E98B276FDBC600081C9C /* HomeLowMedsView.swift in Sources */,
				881BA3922764047900DA06D7 /* HomeMedRow.swift in Sources */,
				88AB7CAD275E83D60055BD9B /* PopUpView.swift in Sources */,
				8848D46A2778A03400F10DC9 /* DatePicker+Extensions.swift in Sources */,
				880A1883278E351300FA0C7D /* TextFieldSelectAll-ViewModifier.swift in Sources */,
				88E930AC2760D8F800A98708 /* HomeDoseProgressView.swift in Sources */,
				88CE3B3627A9B00D009FB237 /* DataController+Notifications.swift in Sources */,
				88572053275133A700B4B00C /* Main.xcdatamodeld in Sources */,
				8857205D275239D800B4B00C /* DosesView.swift in Sources */,
				88B6E8352754D84700790A14 /* MedsView.swift in Sources */,
				88C611BD27A54146006AAE38 /* Bundle+Extensions.swift in Sources */,
				88B53E922793079900DD74FC /* DurationPopupView.swift in Sources */,
				889C42D92781AE9A003B6ED2 /* NavigationBarIdentifier-ViewModifier.swift in Sources */,
				88572055275139DD00B4B00C /* DataController.swift in Sources */,
				881BA39627649FFB00DA06D7 /* DoseDefault.swift in Sources */,
				88E93093275FD7CC00A98708 /* Color-Additions.swift in Sources */,
				881BA39427649C0F00DA06D7 /* MedDefault.swift in Sources */,
				88F2E989276FD74500081C9C /* HomeRecentMedsView.swift in Sources */,
				8852BF4B27862A64000750FB /* DoseEditViewModel.swift in Sources */,
				8823D9B727C4112A00717518 /* ModalHackView.swift in Sources */,
				881BA3982764AB9A00DA06D7 /* Date+Extensions.swift in Sources */,
				8848D4702778A06400F10DC9 /* Text+Extensions.swift in Sources */,
				88F493B42796B70200E3D4C2 /* PresentableToastModel.swift in Sources */,
				886C30BC2763912C002A45B1 /* String+Extensions.swift in Sources */,
				88321424275120D40026D85F /* ContentView.swift in Sources */,
				8848D4682778A02400F10DC9 /* Picker+Extensions.swift in Sources */,
				882A8ACE27AEF82700137897 /* ToastModel.swift in Sources */,
				889C42C5277E0ABB003B6ED2 /* SFSymbol.swift in Sources */,
				88EE265C279B1A66001C2C55 /* TimePickerView.swift in Sources */,
				88F906A527988F4E00CBC65E /* TextAreaView.swift in Sources */,
				88EE265E279B1D8C001C2C55 /* HourMinutePickerView.swift in Sources */,
				88EE266927A1D44F001C2C55 /* SettingsAdvancedView.swift in Sources */,
				88E930A22760A63E00A98708 /* SettingsView.swift in Sources */,
				88EF20372753B215006037CF /* MedEditView.swift in Sources */,
				88EE266727A1ACC8001C2C55 /* SettingsDeveloperView.swift in Sources */,
				88B53E9F2794AFA800DD74FC /* UIApplication+Extensions.swift in Sources */,
				889C42D72781AD26003B6ED2 /* NavigationBarAccessor.swift in Sources */,
				880EBBCB27AD22DA00F3F629 /* DataController+ImportExport.swift in Sources */,
				88AB7CAF275E87340055BD9B /* MedSortPopupView.swift in Sources */,
				88EE266127A154D4001C2C55 /* HomeHeadingView.swift in Sources */,
				88B53E83279026E600DD74FC /* InfoPopupView.swift in Sources */,
				88F90682279747B000CBC65E /* Secrets.swift in Sources */,
				8852BF472786063D000750FB /* MedsViewModel.swift in Sources */,
				8848D4662778A01500F10DC9 /* View+Extensions.swift in Sources */,
				88AB7CB5275F720A0055BD9B /* PlaceholderView.swift in Sources */,
				88F906AB2799BBF500CBC65E /* AppDelegate.swift in Sources */,
				88B6E8332754CDE500790A14 /* Binding-OnChange.swift in Sources */,
				88CE3B3227A9AF22009FB237 /* DataController+Static.swift in Sources */,
				8890941F27BADE740070C536 /* EnvironmentValues+Extension.swift in Sources */,
				88C611BF27A576BD006AAE38 /* SettingsSupportView.swift in Sources */,
				88B53E9527930CAF00DD74FC /* DurationPicker.swift in Sources */,
				88EF203127526746006037CF /* Med-CoreDataHelpers.swift in Sources */,
				8848D4722778A09D00F10DC9 /* LocalizedStringKey+Extensions.swift in Sources */,
				88F906A327981FCC00CBC65E /* NavigationViewLevel.swift in Sources */,
				889A4D0227764BC500E3B53B /* ChevronView.swift in Sources */,
				88CE3B3827A9B233009FB237 /* DataController+Queries.swift in Sources */,
				88AB7CA7275D351A0055BD9B /* DoseAddView.swift in Sources */,
				88AB7C9B2754F4F20055BD9B /* DoseEditView.swift in Sources */,
				8852BF4927861B27000750FB /* DoseMedSelectViewModel.swift in Sources */,
				8848D46E2778A05100F10DC9 /* Label+Extensions.swift in Sources */,
				88AB7CA9275E31900055BD9B /* Meds-ArrayHelpers.swift in Sources */,
				88F2E98E27708AF700081C9C /* Strings.swift in Sources */,
				88AB7CB3275F68260055BD9B /* Sequence-Sorting.swift in Sources */,
				8857205B275234C400B4B00C /* HomeView.swift in Sources */,
				8848D46C2778A04500F10DC9 /* Button+Extensions.swift in Sources */,
				886C30BE2763913B002A45B1 /* Int+Extensions.swift in Sources */,
				88166CEF27C90792004B2D53 /* Double+Extensions.swift in Sources */,
				88AB7CB7275F7BE60055BD9B /* MedAddView.swift in Sources */,
				8852BF452785D648000750FB /* HomeViewModel.swift in Sources */,
				88FE32F727C6D9D400344D6E /* DataController+TestFile.swift in Sources */,
				88321422275120D40026D85F /* PainMedsBuddyApp.swift in Sources */,
				88EF2033275268B1006037CF /* Dose-CoreDataHelpers.swift in Sources */,
				8890941927BADDBE0070C536 /* TabbedSplitView.swift in Sources */,
				882A8ACA27AD8EFD00137897 /* JsonFileDocument.swift in Sources */,
				880A1881278D82DD00FA0C7D /* InterpolatedStrings.swift in Sources */,
				88AB7CC1275FB3150055BD9B /* SymbolsView.swift in Sources */,
				889A4CF62775E1B900E3B53B /* VStackFormView.swift in Sources */,
				8890941D27BADE1E0070C536 /* SplitViewController.swift in Sources */,
			);
			runOnlyForDeploymentPostprocessing = 0;
		};
		8848D4762778E13000F10DC9 /* Sources */ = {
			isa = PBXSourcesBuildPhase;
			buildActionMask = 2147483647;
			files = (
				88C74D08277B8531002B2EC6 /* PerformanceTests.swift in Sources */,
				8848D489277913D500F10DC9 /* DoseTests.swift in Sources */,
				8883E39C2779A2A000B9304B /* SymbolTests.swift in Sources */,
				889C42D1277F9466003B6ED2 /* Helpers.swift in Sources */,
				8848D4872778EC3000F10DC9 /* AssetTest.swift in Sources */,
				8883E3A2277B474800B9304B /* ExtensionTests.swift in Sources */,
				880A187F278D7FFE00FA0C7D /* LocalisedStringTests.swift in Sources */,
				8848D47D2778E13000F10DC9 /* PainMedsBuddyTests.swift in Sources */,
				8883E39E2779FA8800B9304B /* DevelopmentTests.swift in Sources */,
			);
			runOnlyForDeploymentPostprocessing = 0;
		};
		88C74D09277BAC88002B2EC6 /* Sources */ = {
			isa = PBXSourcesBuildPhase;
			buildActionMask = 2147483647;
			files = (
				889C42DA2781EBA2003B6ED2 /* Strings.swift in Sources */,
				88166CF327CA47EF004B2D53 /* SpecificDataHomeRecent.swift in Sources */,
				8806475C27CAE10800454C0C /* Date+Extensions.swift in Sources */,
				88C74D10277BAC88002B2EC6 /* BasicDataTests.swift in Sources */,
				8809FBD5278384A70058BD6E /* BasicAction.swift in Sources */,
				88166CF927CA835E004B2D53 /* SpecificDataHomeAvailable.swift in Sources */,
				88166D0127CAABFD004B2D53 /* SpecificDataSelectMed.swift in Sources */,
				88166CF727CA66F2004B2D53 /* SpecificDataHomeCurrent.swift in Sources */,
				88166CFF27CAA925004B2D53 /* SpecificDataHomeRecentHiddenMed.swift in Sources */,
				88166CFB27CAA2AD004B2D53 /* SpecificDataHomeCurrentElapsed.swift in Sources */,
				880183F727C7D8B0006A8415 /* DataFile.swift in Sources */,
				8809FBD3278309A40058BD6E /* Elements.swift in Sources */,
				889C42DB2781EBAE003B6ED2 /* LocalizedStringKey+Extensions.swift in Sources */,
				88DFEA2A2786F93700E3BAFB /* SnapshotHelper.swift in Sources */,
				88FE32F927C6DAB100344D6E /* SpecificDataDeleteTest.swift in Sources */,
				88166D0327CAB377004B2D53 /* SpecificDataMedListSort.swift in Sources */,
				88DA65BD27BECCD400EC1F28 /* BasicTabSideBarTests.swift in Sources */,
				888FC807278B895A006A3E47 /* NoDataTests.swift in Sources */,
				88166CF527CA6330004B2D53 /* SpecificDataHomeMedsLow.swift in Sources */,
				88DFEA2D2786F98100E3BAFB /* SnapshotUITests.swift in Sources */,
				88B53EA12795931A00DD74FC /* BasicOneMedTests.swift in Sources */,
			);
			runOnlyForDeploymentPostprocessing = 0;
		};
/* End PBXSourcesBuildPhase section */

/* Begin PBXTargetDependency section */
		8848D4802778E13000F10DC9 /* PBXTargetDependency */ = {
			isa = PBXTargetDependency;
			target = 8832141D275120D40026D85F /* PainMedsBuddy */;
			targetProxy = 8848D47F2778E13000F10DC9 /* PBXContainerItemProxy */;
		};
		88C74D13277BAC88002B2EC6 /* PBXTargetDependency */ = {
			isa = PBXTargetDependency;
			target = 8832141D275120D40026D85F /* PainMedsBuddy */;
			targetProxy = 88C74D12277BAC88002B2EC6 /* PBXContainerItemProxy */;
		};
/* End PBXTargetDependency section */

/* Begin XCBuildConfiguration section */
		8832142B275120D60026D85F /* Debug */ = {
			isa = XCBuildConfiguration;
			buildSettings = {
				ALWAYS_SEARCH_USER_PATHS = NO;
				CLANG_ANALYZER_NONNULL = YES;
				CLANG_ANALYZER_NUMBER_OBJECT_CONVERSION = YES_AGGRESSIVE;
				CLANG_CXX_LANGUAGE_STANDARD = "gnu++14";
				CLANG_CXX_LIBRARY = "libc++";
				CLANG_ENABLE_MODULES = YES;
				CLANG_ENABLE_OBJC_ARC = YES;
				CLANG_ENABLE_OBJC_WEAK = YES;
				CLANG_WARN_BLOCK_CAPTURE_AUTORELEASING = YES;
				CLANG_WARN_BOOL_CONVERSION = YES;
				CLANG_WARN_COMMA = YES;
				CLANG_WARN_CONSTANT_CONVERSION = YES;
				CLANG_WARN_DEPRECATED_OBJC_IMPLEMENTATIONS = YES;
				CLANG_WARN_DIRECT_OBJC_ISA_USAGE = YES_ERROR;
				CLANG_WARN_DOCUMENTATION_COMMENTS = YES;
				CLANG_WARN_EMPTY_BODY = YES;
				CLANG_WARN_ENUM_CONVERSION = YES;
				CLANG_WARN_INFINITE_RECURSION = YES;
				CLANG_WARN_INT_CONVERSION = YES;
				CLANG_WARN_NON_LITERAL_NULL_CONVERSION = YES;
				CLANG_WARN_OBJC_IMPLICIT_RETAIN_SELF = YES;
				CLANG_WARN_OBJC_LITERAL_CONVERSION = YES;
				CLANG_WARN_OBJC_ROOT_CLASS = YES_ERROR;
				CLANG_WARN_QUOTED_INCLUDE_IN_FRAMEWORK_HEADER = YES;
				CLANG_WARN_RANGE_LOOP_ANALYSIS = YES;
				CLANG_WARN_STRICT_PROTOTYPES = YES;
				CLANG_WARN_SUSPICIOUS_MOVE = YES;
				CLANG_WARN_UNGUARDED_AVAILABILITY = YES_AGGRESSIVE;
				CLANG_WARN_UNREACHABLE_CODE = YES;
				CLANG_WARN__DUPLICATE_METHOD_MATCH = YES;
				COPY_PHASE_STRIP = NO;
				DEBUG_INFORMATION_FORMAT = dwarf;
				ENABLE_STRICT_OBJC_MSGSEND = YES;
				ENABLE_TESTABILITY = YES;
				GCC_C_LANGUAGE_STANDARD = gnu11;
				GCC_DYNAMIC_NO_PIC = NO;
				GCC_NO_COMMON_BLOCKS = YES;
				GCC_OPTIMIZATION_LEVEL = 0;
				GCC_PREPROCESSOR_DEFINITIONS = (
					"DEBUG=1",
					"$(inherited)",
				);
				GCC_WARN_64_TO_32_BIT_CONVERSION = YES;
				GCC_WARN_ABOUT_RETURN_TYPE = YES_ERROR;
				GCC_WARN_UNDECLARED_SELECTOR = YES;
				GCC_WARN_UNINITIALIZED_AUTOS = YES_AGGRESSIVE;
				GCC_WARN_UNUSED_FUNCTION = YES;
				GCC_WARN_UNUSED_VARIABLE = YES;
				IPHONEOS_DEPLOYMENT_TARGET = 14.5;
				MTL_ENABLE_DEBUG_INFO = INCLUDE_SOURCE;
				MTL_FAST_MATH = YES;
				ONLY_ACTIVE_ARCH = YES;
				SDKROOT = iphoneos;
				SWIFT_ACTIVE_COMPILATION_CONDITIONS = DEBUG;
				SWIFT_OPTIMIZATION_LEVEL = "-Onone";
			};
			name = Debug;
		};
		8832142C275120D60026D85F /* Release */ = {
			isa = XCBuildConfiguration;
			buildSettings = {
				ALWAYS_SEARCH_USER_PATHS = NO;
				CLANG_ANALYZER_NONNULL = YES;
				CLANG_ANALYZER_NUMBER_OBJECT_CONVERSION = YES_AGGRESSIVE;
				CLANG_CXX_LANGUAGE_STANDARD = "gnu++14";
				CLANG_CXX_LIBRARY = "libc++";
				CLANG_ENABLE_MODULES = YES;
				CLANG_ENABLE_OBJC_ARC = YES;
				CLANG_ENABLE_OBJC_WEAK = YES;
				CLANG_WARN_BLOCK_CAPTURE_AUTORELEASING = YES;
				CLANG_WARN_BOOL_CONVERSION = YES;
				CLANG_WARN_COMMA = YES;
				CLANG_WARN_CONSTANT_CONVERSION = YES;
				CLANG_WARN_DEPRECATED_OBJC_IMPLEMENTATIONS = YES;
				CLANG_WARN_DIRECT_OBJC_ISA_USAGE = YES_ERROR;
				CLANG_WARN_DOCUMENTATION_COMMENTS = YES;
				CLANG_WARN_EMPTY_BODY = YES;
				CLANG_WARN_ENUM_CONVERSION = YES;
				CLANG_WARN_INFINITE_RECURSION = YES;
				CLANG_WARN_INT_CONVERSION = YES;
				CLANG_WARN_NON_LITERAL_NULL_CONVERSION = YES;
				CLANG_WARN_OBJC_IMPLICIT_RETAIN_SELF = YES;
				CLANG_WARN_OBJC_LITERAL_CONVERSION = YES;
				CLANG_WARN_OBJC_ROOT_CLASS = YES_ERROR;
				CLANG_WARN_QUOTED_INCLUDE_IN_FRAMEWORK_HEADER = YES;
				CLANG_WARN_RANGE_LOOP_ANALYSIS = YES;
				CLANG_WARN_STRICT_PROTOTYPES = YES;
				CLANG_WARN_SUSPICIOUS_MOVE = YES;
				CLANG_WARN_UNGUARDED_AVAILABILITY = YES_AGGRESSIVE;
				CLANG_WARN_UNREACHABLE_CODE = YES;
				CLANG_WARN__DUPLICATE_METHOD_MATCH = YES;
				COPY_PHASE_STRIP = NO;
				DEBUG_INFORMATION_FORMAT = "dwarf-with-dsym";
				ENABLE_NS_ASSERTIONS = NO;
				ENABLE_STRICT_OBJC_MSGSEND = YES;
				GCC_C_LANGUAGE_STANDARD = gnu11;
				GCC_NO_COMMON_BLOCKS = YES;
				GCC_WARN_64_TO_32_BIT_CONVERSION = YES;
				GCC_WARN_ABOUT_RETURN_TYPE = YES_ERROR;
				GCC_WARN_UNDECLARED_SELECTOR = YES;
				GCC_WARN_UNINITIALIZED_AUTOS = YES_AGGRESSIVE;
				GCC_WARN_UNUSED_FUNCTION = YES;
				GCC_WARN_UNUSED_VARIABLE = YES;
				IPHONEOS_DEPLOYMENT_TARGET = 14.5;
				MTL_ENABLE_DEBUG_INFO = NO;
				MTL_FAST_MATH = YES;
				SDKROOT = iphoneos;
				SWIFT_COMPILATION_MODE = wholemodule;
				SWIFT_OPTIMIZATION_LEVEL = "-O";
				VALIDATE_PRODUCT = YES;
			};
			name = Release;
		};
		8832142E275120D60026D85F /* Debug */ = {
			isa = XCBuildConfiguration;
			buildSettings = {
				ASSETCATALOG_COMPILER_APPICON_NAME = AppIcon;
				ASSETCATALOG_COMPILER_GLOBAL_ACCENT_COLOR_NAME = AccentColor;
				CODE_SIGN_ENTITLEMENTS = PainMedsBuddy/Configuration/PainMedsBuddy.entitlements;
				CODE_SIGN_IDENTITY = "Apple Development";
				CODE_SIGN_STYLE = Automatic;
				DEVELOPMENT_ASSET_PATHS = "\"PainMedsBuddy/Preview Content\"";
				DEVELOPMENT_TEAM = LW3B6G4NK9;
				ENABLE_PREVIEWS = YES;
				INFOPLIST_FILE = PainMedsBuddy/Configuration/Info.plist;
				IPHONEOS_DEPLOYMENT_TARGET = 14.0;
				LD_RUNPATH_SEARCH_PATHS = (
					"$(inherited)",
					"@executable_path/Frameworks",
				);
				PRODUCT_BUNDLE_IDENTIFIER = com.mclapps.PainMedsBuddy;
				PRODUCT_NAME = "$(TARGET_NAME)";
				PROVISIONING_PROFILE_SPECIFIER = "";
				SWIFT_VERSION = 5.0;
				TARGETED_DEVICE_FAMILY = "1,2";
			};
			name = Debug;
		};
		8832142F275120D60026D85F /* Release */ = {
			isa = XCBuildConfiguration;
			buildSettings = {
				ASSETCATALOG_COMPILER_APPICON_NAME = AppIcon;
				ASSETCATALOG_COMPILER_GLOBAL_ACCENT_COLOR_NAME = AccentColor;
				CODE_SIGN_ENTITLEMENTS = PainMedsBuddy/Configuration/PainMedsBuddy.entitlements;
				CODE_SIGN_IDENTITY = "Apple Development";
				CODE_SIGN_STYLE = Automatic;
				DEVELOPMENT_ASSET_PATHS = "\"PainMedsBuddy/Preview Content\"";
				DEVELOPMENT_TEAM = LW3B6G4NK9;
				ENABLE_PREVIEWS = YES;
				INFOPLIST_FILE = PainMedsBuddy/Configuration/Info.plist;
				IPHONEOS_DEPLOYMENT_TARGET = 14.0;
				LD_RUNPATH_SEARCH_PATHS = (
					"$(inherited)",
					"@executable_path/Frameworks",
				);
				PRODUCT_BUNDLE_IDENTIFIER = com.mclapps.PainMedsBuddy;
				PRODUCT_NAME = "$(TARGET_NAME)";
				PROVISIONING_PROFILE_SPECIFIER = "";
				SWIFT_VERSION = 5.0;
				TARGETED_DEVICE_FAMILY = "1,2";
			};
			name = Release;
		};
		8848D4822778E13000F10DC9 /* Debug */ = {
			isa = XCBuildConfiguration;
			buildSettings = {
				BUNDLE_LOADER = "$(TEST_HOST)";
				CODE_SIGN_STYLE = Automatic;
				DEVELOPMENT_TEAM = M3R45325T7;
				INFOPLIST_FILE = PainMedsBuddyTests/Info.plist;
				LD_RUNPATH_SEARCH_PATHS = (
					"$(inherited)",
					"@executable_path/Frameworks",
					"@loader_path/Frameworks",
				);
				PRODUCT_BUNDLE_IDENTIFIER = com.mclapps.PainMedsBuddyTests;
				PRODUCT_NAME = "$(TARGET_NAME)";
				SWIFT_VERSION = 5.0;
				TARGETED_DEVICE_FAMILY = "1,2";
				TEST_HOST = "$(BUILT_PRODUCTS_DIR)/PainMedsBuddy.app/PainMedsBuddy";
			};
			name = Debug;
		};
		8848D4832778E13000F10DC9 /* Release */ = {
			isa = XCBuildConfiguration;
			buildSettings = {
				BUNDLE_LOADER = "$(TEST_HOST)";
				CODE_SIGN_STYLE = Automatic;
				DEVELOPMENT_TEAM = M3R45325T7;
				INFOPLIST_FILE = PainMedsBuddyTests/Info.plist;
				LD_RUNPATH_SEARCH_PATHS = (
					"$(inherited)",
					"@executable_path/Frameworks",
					"@loader_path/Frameworks",
				);
				PRODUCT_BUNDLE_IDENTIFIER = com.mclapps.PainMedsBuddyTests;
				PRODUCT_NAME = "$(TARGET_NAME)";
				SWIFT_VERSION = 5.0;
				TARGETED_DEVICE_FAMILY = "1,2";
				TEST_HOST = "$(BUILT_PRODUCTS_DIR)/PainMedsBuddy.app/PainMedsBuddy";
			};
			name = Release;
		};
		88C74D15277BAC88002B2EC6 /* Debug */ = {
			isa = XCBuildConfiguration;
			buildSettings = {
				CODE_SIGN_STYLE = Automatic;
				DEVELOPMENT_TEAM = M3R45325T7;
				INFOPLIST_FILE = PainMedsBuddyUITests/Info.plist;
				LD_RUNPATH_SEARCH_PATHS = (
					"$(inherited)",
					"@executable_path/Frameworks",
					"@loader_path/Frameworks",
				);
				PRODUCT_BUNDLE_IDENTIFIER = com.mclapps.PainMedsBuddyUITests;
				PRODUCT_NAME = "$(TARGET_NAME)";
				SWIFT_VERSION = 5.0;
				TARGETED_DEVICE_FAMILY = "1,2";
				TEST_TARGET_NAME = PainMedsBuddy;
			};
			name = Debug;
		};
		88C74D16277BAC88002B2EC6 /* Release */ = {
			isa = XCBuildConfiguration;
			buildSettings = {
				CODE_SIGN_STYLE = Automatic;
				DEVELOPMENT_TEAM = M3R45325T7;
				INFOPLIST_FILE = PainMedsBuddyUITests/Info.plist;
				LD_RUNPATH_SEARCH_PATHS = (
					"$(inherited)",
					"@executable_path/Frameworks",
					"@loader_path/Frameworks",
				);
				PRODUCT_BUNDLE_IDENTIFIER = com.mclapps.PainMedsBuddyUITests;
				PRODUCT_NAME = "$(TARGET_NAME)";
				SWIFT_VERSION = 5.0;
				TARGETED_DEVICE_FAMILY = "1,2";
				TEST_TARGET_NAME = PainMedsBuddy;
			};
			name = Release;
		};
/* End XCBuildConfiguration section */

/* Begin XCConfigurationList section */
		88321419275120D40026D85F /* Build configuration list for PBXProject "PainMedsBuddy" */ = {
			isa = XCConfigurationList;
			buildConfigurations = (
				8832142B275120D60026D85F /* Debug */,
				8832142C275120D60026D85F /* Release */,
			);
			defaultConfigurationIsVisible = 0;
			defaultConfigurationName = Release;
		};
		8832142D275120D60026D85F /* Build configuration list for PBXNativeTarget "PainMedsBuddy" */ = {
			isa = XCConfigurationList;
			buildConfigurations = (
				8832142E275120D60026D85F /* Debug */,
				8832142F275120D60026D85F /* Release */,
			);
			defaultConfigurationIsVisible = 0;
			defaultConfigurationName = Release;
		};
		8848D4812778E13000F10DC9 /* Build configuration list for PBXNativeTarget "PainMedsBuddyTests" */ = {
			isa = XCConfigurationList;
			buildConfigurations = (
				8848D4822778E13000F10DC9 /* Debug */,
				8848D4832778E13000F10DC9 /* Release */,
			);
			defaultConfigurationIsVisible = 0;
			defaultConfigurationName = Release;
		};
		88C74D14277BAC88002B2EC6 /* Build configuration list for PBXNativeTarget "PainMedsBuddyUITests" */ = {
			isa = XCConfigurationList;
			buildConfigurations = (
				88C74D15277BAC88002B2EC6 /* Debug */,
				88C74D16277BAC88002B2EC6 /* Release */,
			);
			defaultConfigurationIsVisible = 0;
			defaultConfigurationName = Release;
		};
/* End XCConfigurationList section */

/* Begin XCRemoteSwiftPackageReference section */
		880183F127C79B59006A8415 /* XCRemoteSwiftPackageReference "SwiftyJSON" */ = {
			isa = XCRemoteSwiftPackageReference;
			repositoryURL = "https://github.com/SwiftyJSON/SwiftyJSON.git";
			requirement = {
				kind = upToNextMajorVersion;
				minimumVersion = 5.0.0;
			};
		};
		8806A4D92CB001A7007F1656 /* XCRemoteSwiftPackageReference "SwiftUIFormValidator" */ = {
			isa = XCRemoteSwiftPackageReference;
			repositoryURL = "https://github.com/Open-Bytes/SwiftUIFormValidator";
			requirement = {
				kind = upToNextMajorVersion;
				minimumVersion = 0.9.0;
			};
		};
		887AEC8527A414FB0038245F /* XCRemoteSwiftPackageReference "swiftui-mail-view" */ = {
			isa = XCRemoteSwiftPackageReference;
			repositoryURL = "https://github.com/globulus/swiftui-mail-view.git";
			requirement = {
				kind = upToNextMajorVersion;
				minimumVersion = 1.0.0;
			};
		};
		88C611B927A538A1006AAE38 /* XCRemoteSwiftPackageReference "DeviceKit" */ = {
			isa = XCRemoteSwiftPackageReference;
			repositoryURL = "https://github.com/devicekit/DeviceKit.git";
			requirement = {
				kind = upToNextMajorVersion;
				minimumVersion = 4.0.0;
			};
		};
		88E705D927872E73003EB471 /* XCRemoteSwiftPackageReference "CircularProgressSwiftUI" */ = {
			isa = XCRemoteSwiftPackageReference;
			repositoryURL = "https://github.com/JulesForks/CircularProgressSwiftUI.git";
			requirement = {
				branch = "1-1-0";
				kind = branch;
			};
		};
		88E9309A2760A4B900A98708 /* XCRemoteSwiftPackageReference "AckGen" */ = {
			isa = XCRemoteSwiftPackageReference;
			repositoryURL = "https://github.com/MartinP7r/AckGen.git";
			requirement = {
				kind = upToNextMajorVersion;
				minimumVersion = 0.1.0;
			};
		};
		88F493B02796104500E3D4C2 /* XCRemoteSwiftPackageReference "SimpleToast" */ = {
			isa = XCRemoteSwiftPackageReference;
			repositoryURL = "https://github.com/sanzaru/SimpleToast.git";
			requirement = {
				kind = upToNextMajorVersion;
				minimumVersion = 0.5.0;
			};
		};
/* End XCRemoteSwiftPackageReference section */

/* Begin XCSwiftPackageProductDependency section */
		880183F227C79B59006A8415 /* SwiftyJSON */ = {
			isa = XCSwiftPackageProductDependency;
			package = 880183F127C79B59006A8415 /* XCRemoteSwiftPackageReference "SwiftyJSON" */;
			productName = SwiftyJSON;
		};
		8806A4DA2CB001A7007F1656 /* FormValidator */ = {
			isa = XCSwiftPackageProductDependency;
			package = 8806A4D92CB001A7007F1656 /* XCRemoteSwiftPackageReference "SwiftUIFormValidator" */;
			productName = FormValidator;
		};
		887AEC8627A414FB0038245F /* SwiftUIMailView */ = {
			isa = XCSwiftPackageProductDependency;
			package = 887AEC8527A414FB0038245F /* XCRemoteSwiftPackageReference "swiftui-mail-view" */;
			productName = SwiftUIMailView;
		};
		88C611BA27A538A1006AAE38 /* DeviceKit */ = {
			isa = XCSwiftPackageProductDependency;
			package = 88C611B927A538A1006AAE38 /* XCRemoteSwiftPackageReference "DeviceKit" */;
			productName = DeviceKit;
		};
		88E705DA27872E73003EB471 /* CircularProgress */ = {
			isa = XCSwiftPackageProductDependency;
			package = 88E705D927872E73003EB471 /* XCRemoteSwiftPackageReference "CircularProgressSwiftUI" */;
			productName = CircularProgress;
		};
		88E9309B2760A4B900A98708 /* AckGen */ = {
			isa = XCSwiftPackageProductDependency;
			package = 88E9309A2760A4B900A98708 /* XCRemoteSwiftPackageReference "AckGen" */;
			productName = AckGen;
		};
		88E9309D2760A4B900A98708 /* AckGenUI */ = {
			isa = XCSwiftPackageProductDependency;
			package = 88E9309A2760A4B900A98708 /* XCRemoteSwiftPackageReference "AckGen" */;
			productName = AckGenUI;
		};
		88F493B12796104500E3D4C2 /* SimpleToast */ = {
			isa = XCSwiftPackageProductDependency;
			package = 88F493B02796104500E3D4C2 /* XCRemoteSwiftPackageReference "SimpleToast" */;
			productName = SimpleToast;
		};
/* End XCSwiftPackageProductDependency section */

/* Begin XCVersionGroup section */
		88572051275133A700B4B00C /* Main.xcdatamodeld */ = {
			isa = XCVersionGroup;
			children = (
				88572052275133A700B4B00C /* Main.xcdatamodel */,
			);
			currentVersion = 88572052275133A700B4B00C /* Main.xcdatamodel */;
			path = Main.xcdatamodeld;
			sourceTree = "<group>";
			versionGroupType = wrapper.xcdatamodel;
		};
/* End XCVersionGroup section */
	};
	rootObject = 88321416275120D40026D85F /* Project object */;
}
